{
    "version": 3,
    "terraform_version": "0.11.7",
    "serial": 4,
    "lineage": "126eeb46-a903-42de-6873-eb090ffe2415",
    "modules": [
        {
            "path": [
                "root"
            ],
            "outputs": {
                "cluster_name": {
                    "sensitive": false,
                    "type": "string",
                    "value": "k8s.liouvetren.com"
                },
                "master_security_group_ids": {
                    "sensitive": false,
                    "type": "list",
                    "value": [
                        "sg-0ccc0053ca4b15a08"
                    ]
                },
                "masters_role_arn": {
                    "sensitive": false,
                    "type": "string",
                    "value": "arn:aws:iam::196050334907:role/masters.k8s.liouvetren.com"
                },
                "masters_role_name": {
                    "sensitive": false,
                    "type": "string",
                    "value": "masters.k8s.liouvetren.com"
                },
                "node_security_group_ids": {
                    "sensitive": false,
                    "type": "list",
                    "value": [
                        "sg-01820ff93ac7c8ae5"
                    ]
                },
                "node_subnet_ids": {
                    "sensitive": false,
                    "type": "list",
                    "value": [
                        "subnet-0f8003fce9558ef54",
                        "subnet-0b1330788fbf181f4",
                        "subnet-03ca57eb86c11812e"
                    ]
                },
                "nodes_role_arn": {
                    "sensitive": false,
                    "type": "string",
                    "value": "arn:aws:iam::196050334907:role/nodes.k8s.liouvetren.com"
                },
                "nodes_role_name": {
                    "sensitive": false,
                    "type": "string",
                    "value": "nodes.k8s.liouvetren.com"
                },
                "region": {
                    "sensitive": false,
                    "type": "string",
                    "value": "us-west-2"
                },
                "vpc_id": {
                    "sensitive": false,
                    "type": "string",
                    "value": "vpc-09ff615788f066c1b"
                }
            },
            "resources": {
                "aws_autoscaling_attachment.master-us-west-2a-masters-k8s-liouvetren-com": {
                    "type": "aws_autoscaling_attachment",
                    "depends_on": [
                        "aws_autoscaling_group.master-us-west-2a-masters-k8s-liouvetren-com",
                        "aws_elb.api-k8s-liouvetren-com"
                    ],
                    "primary": {
                        "id": "master-us-west-2a.masters.k8s.liouvetren.com-20180801030248208800000006",
                        "attributes": {
                            "autoscaling_group_name": "master-us-west-2a.masters.k8s.liouvetren.com",
                            "elb": "api-k8s-liouvetren-com-bcvb0h",
                            "id": "master-us-west-2a.masters.k8s.liouvetren.com-20180801030248208800000006"
                        },
                        "meta": {},
                        "tainted": false
                    },
                    "deposed": [],
                    "provider": "provider.aws"
                },
                "aws_autoscaling_attachment.master-us-west-2b-masters-k8s-liouvetren-com": {
                    "type": "aws_autoscaling_attachment",
                    "depends_on": [
                        "aws_autoscaling_group.master-us-west-2b-masters-k8s-liouvetren-com",
                        "aws_elb.api-k8s-liouvetren-com"
                    ],
                    "primary": {
                        "id": "master-us-west-2b.masters.k8s.liouvetren.com-20180801030247249200000005",
                        "attributes": {
                            "autoscaling_group_name": "master-us-west-2b.masters.k8s.liouvetren.com",
                            "elb": "api-k8s-liouvetren-com-bcvb0h",
                            "id": "master-us-west-2b.masters.k8s.liouvetren.com-20180801030247249200000005"
                        },
                        "meta": {},
                        "tainted": false
                    },
                    "deposed": [],
                    "provider": "provider.aws"
                },
                "aws_autoscaling_attachment.master-us-west-2c-masters-k8s-liouvetren-com": {
                    "type": "aws_autoscaling_attachment",
                    "depends_on": [
                        "aws_autoscaling_group.master-us-west-2c-masters-k8s-liouvetren-com",
                        "aws_elb.api-k8s-liouvetren-com"
                    ],
                    "primary": {
                        "id": "master-us-west-2c.masters.k8s.liouvetren.com-20180801030258669000000007",
                        "attributes": {
                            "autoscaling_group_name": "master-us-west-2c.masters.k8s.liouvetren.com",
                            "elb": "api-k8s-liouvetren-com-bcvb0h",
                            "id": "master-us-west-2c.masters.k8s.liouvetren.com-20180801030258669000000007"
                        },
                        "meta": {},
                        "tainted": false
                    },
                    "deposed": [],
                    "provider": "provider.aws"
                },
                "aws_autoscaling_group.master-us-west-2a-masters-k8s-liouvetren-com": {
                    "type": "aws_autoscaling_group",
                    "depends_on": [
                        "aws_launch_configuration.master-us-west-2a-masters-k8s-liouvetren-com",
                        "aws_subnet.us-west-2a-k8s-liouvetren-com"
                    ],
                    "primary": {
                        "id": "master-us-west-2a.masters.k8s.liouvetren.com",
                        "attributes": {
                            "arn": "arn:aws:autoscaling:us-west-2:196050334907:autoScalingGroup:ae564a06-9217-4932-806e-2a2e531e76d7:autoScalingGroupName/master-us-west-2a.masters.k8s.liouvetren.com",
                            "availability_zones.#": "1",
                            "availability_zones.2487133097": "us-west-2a",
                            "default_cooldown": "300",
                            "desired_capacity": "1",
                            "enabled_metrics.#": "8",
                            "enabled_metrics.119681000": "GroupStandbyInstances",
                            "enabled_metrics.1940933563": "GroupTotalInstances",
                            "enabled_metrics.308948767": "GroupPendingInstances",
                            "enabled_metrics.3267518000": "GroupTerminatingInstances",
                            "enabled_metrics.3394537085": "GroupDesiredCapacity",
                            "enabled_metrics.3551801763": "GroupInServiceInstances",
                            "enabled_metrics.4118539418": "GroupMinSize",
                            "enabled_metrics.4136111317": "GroupMaxSize",
                            "force_delete": "false",
                            "health_check_grace_period": "300",
                            "health_check_type": "EC2",
                            "id": "master-us-west-2a.masters.k8s.liouvetren.com",
                            "launch_configuration": "master-us-west-2a.masters.k8s.liouvetren.com-20180801030202730200000004",
                            "launch_template.#": "0",
                            "load_balancers.#": "1",
                            "load_balancers.638174721": "api-k8s-liouvetren-com-bcvb0h",
                            "max_size": "1",
                            "metrics_granularity": "1Minute",
                            "min_size": "1",
                            "name": "master-us-west-2a.masters.k8s.liouvetren.com",
                            "placement_group": "",
                            "protect_from_scale_in": "false",
                            "service_linked_role_arn": "arn:aws:iam::196050334907:role/aws-service-role/autoscaling.amazonaws.com/AWSServiceRoleForAutoScaling",
                            "suspended_processes.#": "0",
                            "tag.#": "4",
                            "tag.1601041186.key": "k8s.io/role/master",
                            "tag.1601041186.propagate_at_launch": "true",
                            "tag.1601041186.value": "1",
                            "tag.2669236289.key": "KubernetesCluster",
                            "tag.2669236289.propagate_at_launch": "true",
                            "tag.2669236289.value": "k8s.liouvetren.com",
                            "tag.524675867.key": "Name",
                            "tag.524675867.propagate_at_launch": "true",
                            "tag.524675867.value": "master-us-west-2a.masters.k8s.liouvetren.com",
                            "tag.550690901.key": "k8s.io/cluster-autoscaler/node-template/label/kops.k8s.io/instancegroup",
                            "tag.550690901.propagate_at_launch": "true",
                            "tag.550690901.value": "master-us-west-2a",
                            "target_group_arns.#": "0",
                            "termination_policies.#": "0",
                            "vpc_zone_identifier.#": "1",
                            "vpc_zone_identifier.1260867117": "subnet-0f8003fce9558ef54",
                            "wait_for_capacity_timeout": "10m"
                        },
                        "meta": {
                            "e2bfb730-ecaa-11e6-8f88-34363bc7c4c0": {
                                "delete": 600000000000
                            }
                        },
                        "tainted": false
                    },
                    "deposed": [],
                    "provider": "provider.aws"
                },
                "aws_autoscaling_group.master-us-west-2b-masters-k8s-liouvetren-com": {
                    "type": "aws_autoscaling_group",
                    "depends_on": [
                        "aws_launch_configuration.master-us-west-2b-masters-k8s-liouvetren-com",
                        "aws_subnet.us-west-2b-k8s-liouvetren-com"
                    ],
                    "primary": {
                        "id": "master-us-west-2b.masters.k8s.liouvetren.com",
                        "attributes": {
                            "arn": "arn:aws:autoscaling:us-west-2:196050334907:autoScalingGroup:4b2cb17e-fbb5-485e-9259-4210bc65e51e:autoScalingGroupName/master-us-west-2b.masters.k8s.liouvetren.com",
                            "availability_zones.#": "1",
                            "availability_zones.221770259": "us-west-2b",
                            "default_cooldown": "300",
                            "desired_capacity": "1",
                            "enabled_metrics.#": "8",
                            "enabled_metrics.119681000": "GroupStandbyInstances",
                            "enabled_metrics.1940933563": "GroupTotalInstances",
                            "enabled_metrics.308948767": "GroupPendingInstances",
                            "enabled_metrics.3267518000": "GroupTerminatingInstances",
                            "enabled_metrics.3394537085": "GroupDesiredCapacity",
                            "enabled_metrics.3551801763": "GroupInServiceInstances",
                            "enabled_metrics.4118539418": "GroupMinSize",
                            "enabled_metrics.4136111317": "GroupMaxSize",
                            "force_delete": "false",
                            "health_check_grace_period": "300",
                            "health_check_type": "EC2",
                            "id": "master-us-west-2b.masters.k8s.liouvetren.com",
                            "launch_configuration": "master-us-west-2b.masters.k8s.liouvetren.com-20180801030202541500000003",
                            "launch_template.#": "0",
                            "load_balancers.#": "1",
                            "load_balancers.638174721": "api-k8s-liouvetren-com-bcvb0h",
                            "max_size": "1",
                            "metrics_granularity": "1Minute",
                            "min_size": "1",
                            "name": "master-us-west-2b.masters.k8s.liouvetren.com",
                            "placement_group": "",
                            "protect_from_scale_in": "false",
                            "service_linked_role_arn": "arn:aws:iam::196050334907:role/aws-service-role/autoscaling.amazonaws.com/AWSServiceRoleForAutoScaling",
                            "suspended_processes.#": "0",
                            "tag.#": "4",
                            "tag.1601041186.key": "k8s.io/role/master",
                            "tag.1601041186.propagate_at_launch": "true",
                            "tag.1601041186.value": "1",
                            "tag.1925388353.key": "Name",
                            "tag.1925388353.propagate_at_launch": "true",
                            "tag.1925388353.value": "master-us-west-2b.masters.k8s.liouvetren.com",
                            "tag.2669236289.key": "KubernetesCluster",
                            "tag.2669236289.propagate_at_launch": "true",
                            "tag.2669236289.value": "k8s.liouvetren.com",
                            "tag.289077960.key": "k8s.io/cluster-autoscaler/node-template/label/kops.k8s.io/instancegroup",
                            "tag.289077960.propagate_at_launch": "true",
                            "tag.289077960.value": "master-us-west-2b",
                            "target_group_arns.#": "0",
                            "termination_policies.#": "0",
                            "vpc_zone_identifier.#": "1",
                            "vpc_zone_identifier.150247676": "subnet-0b1330788fbf181f4",
                            "wait_for_capacity_timeout": "10m"
                        },
                        "meta": {
                            "e2bfb730-ecaa-11e6-8f88-34363bc7c4c0": {
                                "delete": 600000000000
                            }
                        },
                        "tainted": false
                    },
                    "deposed": [],
                    "provider": "provider.aws"
                },
                "aws_autoscaling_group.master-us-west-2c-masters-k8s-liouvetren-com": {
                    "type": "aws_autoscaling_group",
                    "depends_on": [
                        "aws_launch_configuration.master-us-west-2c-masters-k8s-liouvetren-com",
                        "aws_subnet.us-west-2c-k8s-liouvetren-com"
                    ],
                    "primary": {
                        "id": "master-us-west-2c.masters.k8s.liouvetren.com",
                        "attributes": {
                            "arn": "arn:aws:autoscaling:us-west-2:196050334907:autoScalingGroup:32f671cc-2677-4d5e-ad53-80506635a136:autoScalingGroupName/master-us-west-2c.masters.k8s.liouvetren.com",
                            "availability_zones.#": "1",
                            "availability_zones.2050015877": "us-west-2c",
                            "default_cooldown": "300",
                            "desired_capacity": "1",
                            "enabled_metrics.#": "8",
                            "enabled_metrics.119681000": "GroupStandbyInstances",
                            "enabled_metrics.1940933563": "GroupTotalInstances",
                            "enabled_metrics.308948767": "GroupPendingInstances",
                            "enabled_metrics.3267518000": "GroupTerminatingInstances",
                            "enabled_metrics.3394537085": "GroupDesiredCapacity",
                            "enabled_metrics.3551801763": "GroupInServiceInstances",
                            "enabled_metrics.4118539418": "GroupMinSize",
                            "enabled_metrics.4136111317": "GroupMaxSize",
                            "force_delete": "false",
                            "health_check_grace_period": "300",
                            "health_check_type": "EC2",
                            "id": "master-us-west-2c.masters.k8s.liouvetren.com",
                            "launch_configuration": "master-us-west-2c.masters.k8s.liouvetren.com-20180801030202414300000002",
                            "launch_template.#": "0",
                            "load_balancers.#": "1",
                            "load_balancers.638174721": "api-k8s-liouvetren-com-bcvb0h",
                            "max_size": "1",
                            "metrics_granularity": "1Minute",
                            "min_size": "1",
                            "name": "master-us-west-2c.masters.k8s.liouvetren.com",
                            "placement_group": "",
                            "protect_from_scale_in": "false",
                            "service_linked_role_arn": "arn:aws:iam::196050334907:role/aws-service-role/autoscaling.amazonaws.com/AWSServiceRoleForAutoScaling",
                            "suspended_processes.#": "0",
                            "tag.#": "4",
                            "tag.1447119223.key": "Name",
                            "tag.1447119223.propagate_at_launch": "true",
                            "tag.1447119223.value": "master-us-west-2c.masters.k8s.liouvetren.com",
                            "tag.1601041186.key": "k8s.io/role/master",
                            "tag.1601041186.propagate_at_launch": "true",
                            "tag.1601041186.value": "1",
                            "tag.2669236289.key": "KubernetesCluster",
                            "tag.2669236289.propagate_at_launch": "true",
                            "tag.2669236289.value": "k8s.liouvetren.com",
                            "tag.3075338620.key": "k8s.io/cluster-autoscaler/node-template/label/kops.k8s.io/instancegroup",
                            "tag.3075338620.propagate_at_launch": "true",
                            "tag.3075338620.value": "master-us-west-2c",
                            "target_group_arns.#": "0",
                            "termination_policies.#": "0",
                            "vpc_zone_identifier.#": "1",
                            "vpc_zone_identifier.4098352803": "subnet-03ca57eb86c11812e",
                            "wait_for_capacity_timeout": "10m"
                        },
                        "meta": {
                            "e2bfb730-ecaa-11e6-8f88-34363bc7c4c0": {
                                "delete": 600000000000
                            }
                        },
                        "tainted": false
                    },
                    "deposed": [],
                    "provider": "provider.aws"
                },
                "aws_autoscaling_group.nodes-k8s-liouvetren-com": {
                    "type": "aws_autoscaling_group",
                    "depends_on": [
                        "aws_launch_configuration.nodes-k8s-liouvetren-com",
                        "aws_subnet.us-west-2a-k8s-liouvetren-com",
                        "aws_subnet.us-west-2b-k8s-liouvetren-com",
                        "aws_subnet.us-west-2c-k8s-liouvetren-com"
                    ],
                    "primary": {
                        "id": "nodes.k8s.liouvetren.com",
                        "attributes": {
                            "arn": "arn:aws:autoscaling:us-west-2:196050334907:autoScalingGroup:0de5ac3f-dfc4-474b-9d4d-7843beafd0a0:autoScalingGroupName/nodes.k8s.liouvetren.com",
                            "availability_zones.#": "3",
                            "availability_zones.2050015877": "us-west-2c",
                            "availability_zones.221770259": "us-west-2b",
                            "availability_zones.2487133097": "us-west-2a",
                            "default_cooldown": "300",
                            "desired_capacity": "5",
                            "enabled_metrics.#": "8",
                            "enabled_metrics.119681000": "GroupStandbyInstances",
                            "enabled_metrics.1940933563": "GroupTotalInstances",
                            "enabled_metrics.308948767": "GroupPendingInstances",
                            "enabled_metrics.3267518000": "GroupTerminatingInstances",
                            "enabled_metrics.3394537085": "GroupDesiredCapacity",
                            "enabled_metrics.3551801763": "GroupInServiceInstances",
                            "enabled_metrics.4118539418": "GroupMinSize",
                            "enabled_metrics.4136111317": "GroupMaxSize",
                            "force_delete": "false",
                            "health_check_grace_period": "300",
                            "health_check_type": "EC2",
                            "id": "nodes.k8s.liouvetren.com",
                            "launch_configuration": "nodes.k8s.liouvetren.com-20180801030158566700000001",
                            "launch_template.#": "0",
                            "load_balancers.#": "0",
                            "max_size": "5",
                            "metrics_granularity": "1Minute",
                            "min_size": "5",
                            "name": "nodes.k8s.liouvetren.com",
                            "placement_group": "",
                            "protect_from_scale_in": "false",
                            "service_linked_role_arn": "arn:aws:iam::196050334907:role/aws-service-role/autoscaling.amazonaws.com/AWSServiceRoleForAutoScaling",
                            "suspended_processes.#": "0",
                            "tag.#": "4",
                            "tag.1967977115.key": "k8s.io/role/node",
                            "tag.1967977115.propagate_at_launch": "true",
                            "tag.1967977115.value": "1",
                            "tag.2071744004.key": "Name",
                            "tag.2071744004.propagate_at_launch": "true",
                            "tag.2071744004.value": "nodes.k8s.liouvetren.com",
                            "tag.2669236289.key": "KubernetesCluster",
                            "tag.2669236289.propagate_at_launch": "true",
                            "tag.2669236289.value": "k8s.liouvetren.com",
                            "tag.859419842.key": "k8s.io/cluster-autoscaler/node-template/label/kops.k8s.io/instancegroup",
                            "tag.859419842.propagate_at_launch": "true",
                            "tag.859419842.value": "nodes",
                            "target_group_arns.#": "0",
                            "termination_policies.#": "0",
                            "vpc_zone_identifier.#": "3",
                            "vpc_zone_identifier.1260867117": "subnet-0f8003fce9558ef54",
                            "vpc_zone_identifier.150247676": "subnet-0b1330788fbf181f4",
                            "vpc_zone_identifier.4098352803": "subnet-03ca57eb86c11812e",
                            "wait_for_capacity_timeout": "10m"
                        },
                        "meta": {
                            "e2bfb730-ecaa-11e6-8f88-34363bc7c4c0": {
                                "delete": 600000000000
                            }
                        },
                        "tainted": false
                    },
                    "deposed": [],
                    "provider": "provider.aws"
                },
                "aws_ebs_volume.a-etcd-events-k8s-liouvetren-com": {
                    "type": "aws_ebs_volume",
                    "depends_on": [],
                    "primary": {
                        "id": "vol-05f8bc1b83010e6b4",
                        "attributes": {
                            "arn": "arn:aws:ec2:us-west-2:196050334907:volume/vol-05f8bc1b83010e6b4",
                            "availability_zone": "us-west-2a",
                            "encrypted": "false",
                            "id": "vol-05f8bc1b83010e6b4",
                            "size": "20",
                            "snapshot_id": "",
                            "tags.%": "5",
                            "tags.KubernetesCluster": "k8s.liouvetren.com",
                            "tags.Name": "a.etcd-events.k8s.liouvetren.com",
                            "tags.k8s.io/etcd/events": "a/a,b,c",
                            "tags.k8s.io/role/master": "1",
                            "tags.kubernetes.io/cluster/k8s.liouvetren.com": "owned",
                            "type": "gp2"
                        },
                        "meta": {},
                        "tainted": false
                    },
                    "deposed": [],
                    "provider": "provider.aws"
                },
                "aws_ebs_volume.a-etcd-main-k8s-liouvetren-com": {
                    "type": "aws_ebs_volume",
                    "depends_on": [],
                    "primary": {
                        "id": "vol-03d4bf6d979682902",
                        "attributes": {
                            "arn": "arn:aws:ec2:us-west-2:196050334907:volume/vol-03d4bf6d979682902",
                            "availability_zone": "us-west-2a",
                            "encrypted": "false",
                            "id": "vol-03d4bf6d979682902",
                            "size": "20",
                            "snapshot_id": "",
                            "tags.%": "5",
                            "tags.KubernetesCluster": "k8s.liouvetren.com",
                            "tags.Name": "a.etcd-main.k8s.liouvetren.com",
                            "tags.k8s.io/etcd/main": "a/a,b,c",
                            "tags.k8s.io/role/master": "1",
                            "tags.kubernetes.io/cluster/k8s.liouvetren.com": "owned",
                            "type": "gp2"
                        },
                        "meta": {},
                        "tainted": false
                    },
                    "deposed": [],
                    "provider": "provider.aws"
                },
                "aws_ebs_volume.b-etcd-events-k8s-liouvetren-com": {
                    "type": "aws_ebs_volume",
                    "depends_on": [],
                    "primary": {
                        "id": "vol-0242195b49f3dffe9",
                        "attributes": {
                            "arn": "arn:aws:ec2:us-west-2:196050334907:volume/vol-0242195b49f3dffe9",
                            "availability_zone": "us-west-2b",
                            "encrypted": "false",
                            "id": "vol-0242195b49f3dffe9",
                            "size": "20",
                            "snapshot_id": "",
                            "tags.%": "5",
                            "tags.KubernetesCluster": "k8s.liouvetren.com",
                            "tags.Name": "b.etcd-events.k8s.liouvetren.com",
                            "tags.k8s.io/etcd/events": "b/a,b,c",
                            "tags.k8s.io/role/master": "1",
                            "tags.kubernetes.io/cluster/k8s.liouvetren.com": "owned",
                            "type": "gp2"
                        },
                        "meta": {},
                        "tainted": false
                    },
                    "deposed": [],
                    "provider": "provider.aws"
                },
                "aws_ebs_volume.b-etcd-main-k8s-liouvetren-com": {
                    "type": "aws_ebs_volume",
                    "depends_on": [],
                    "primary": {
                        "id": "vol-09dab4c919684f4c5",
                        "attributes": {
                            "arn": "arn:aws:ec2:us-west-2:196050334907:volume/vol-09dab4c919684f4c5",
                            "availability_zone": "us-west-2b",
                            "encrypted": "false",
                            "id": "vol-09dab4c919684f4c5",
                            "size": "20",
                            "snapshot_id": "",
                            "tags.%": "5",
                            "tags.KubernetesCluster": "k8s.liouvetren.com",
                            "tags.Name": "b.etcd-main.k8s.liouvetren.com",
                            "tags.k8s.io/etcd/main": "b/a,b,c",
                            "tags.k8s.io/role/master": "1",
                            "tags.kubernetes.io/cluster/k8s.liouvetren.com": "owned",
                            "type": "gp2"
                        },
                        "meta": {},
                        "tainted": false
                    },
                    "deposed": [],
                    "provider": "provider.aws"
                },
                "aws_ebs_volume.c-etcd-events-k8s-liouvetren-com": {
                    "type": "aws_ebs_volume",
                    "depends_on": [],
                    "primary": {
                        "id": "vol-0011cecd091c27cf1",
                        "attributes": {
                            "arn": "arn:aws:ec2:us-west-2:196050334907:volume/vol-0011cecd091c27cf1",
                            "availability_zone": "us-west-2c",
                            "encrypted": "false",
                            "id": "vol-0011cecd091c27cf1",
                            "size": "20",
                            "snapshot_id": "",
                            "tags.%": "5",
                            "tags.KubernetesCluster": "k8s.liouvetren.com",
                            "tags.Name": "c.etcd-events.k8s.liouvetren.com",
                            "tags.k8s.io/etcd/events": "c/a,b,c",
                            "tags.k8s.io/role/master": "1",
                            "tags.kubernetes.io/cluster/k8s.liouvetren.com": "owned",
                            "type": "gp2"
                        },
                        "meta": {},
                        "tainted": false
                    },
                    "deposed": [],
                    "provider": "provider.aws"
                },
                "aws_ebs_volume.c-etcd-main-k8s-liouvetren-com": {
                    "type": "aws_ebs_volume",
                    "depends_on": [],
                    "primary": {
                        "id": "vol-033e55768800e8ccd",
                        "attributes": {
                            "arn": "arn:aws:ec2:us-west-2:196050334907:volume/vol-033e55768800e8ccd",
                            "availability_zone": "us-west-2c",
                            "encrypted": "false",
                            "id": "vol-033e55768800e8ccd",
                            "size": "20",
                            "snapshot_id": "",
                            "tags.%": "5",
                            "tags.KubernetesCluster": "k8s.liouvetren.com",
                            "tags.Name": "c.etcd-main.k8s.liouvetren.com",
                            "tags.k8s.io/etcd/main": "c/a,b,c",
                            "tags.k8s.io/role/master": "1",
                            "tags.kubernetes.io/cluster/k8s.liouvetren.com": "owned",
                            "type": "gp2"
                        },
                        "meta": {},
                        "tainted": false
                    },
                    "deposed": [],
                    "provider": "provider.aws"
                },
                "aws_eip.us-west-2a-k8s-liouvetren-com": {
                    "type": "aws_eip",
                    "depends_on": [],
                    "primary": {
                        "id": "eipalloc-076dba3e9b0c5f771",
                        "attributes": {
                            "association_id": "eipassoc-8c16f673",
                            "domain": "vpc",
                            "id": "eipalloc-076dba3e9b0c5f771",
                            "instance": "",
                            "network_interface": "eni-0543198ac38f25e57",
                            "private_ip": "172.20.3.177",
                            "public_ip": "52.26.240.88",
                            "tags.%": "3",
                            "tags.KubernetesCluster": "k8s.liouvetren.com",
                            "tags.Name": "us-west-2a.k8s.liouvetren.com",
                            "tags.kubernetes.io/cluster/k8s.liouvetren.com": "owned",
                            "vpc": "true"
                        },
                        "meta": {
                            "e2bfb730-ecaa-11e6-8f88-34363bc7c4c0": {
                                "delete": 180000000000,
                                "read": 900000000000,
                                "update": 300000000000
                            }
                        },
                        "tainted": false
                    },
                    "deposed": [],
                    "provider": "provider.aws"
                },
                "aws_eip.us-west-2b-k8s-liouvetren-com": {
                    "type": "aws_eip",
                    "depends_on": [],
                    "primary": {
                        "id": "eipalloc-0b0a876b6523814a8",
                        "attributes": {
                            "association_id": "eipassoc-9fe6dd52",
                            "domain": "vpc",
                            "id": "eipalloc-0b0a876b6523814a8",
                            "instance": "",
                            "network_interface": "eni-05e094a7923b5daa4",
                            "private_ip": "172.20.5.114",
                            "public_ip": "52.34.233.70",
                            "tags.%": "3",
                            "tags.KubernetesCluster": "k8s.liouvetren.com",
                            "tags.Name": "us-west-2b.k8s.liouvetren.com",
                            "tags.kubernetes.io/cluster/k8s.liouvetren.com": "owned",
                            "vpc": "true"
                        },
                        "meta": {
                            "e2bfb730-ecaa-11e6-8f88-34363bc7c4c0": {
                                "delete": 180000000000,
                                "read": 900000000000,
                                "update": 300000000000
                            }
                        },
                        "tainted": false
                    },
                    "deposed": [],
                    "provider": "provider.aws"
                },
                "aws_eip.us-west-2c-k8s-liouvetren-com": {
                    "type": "aws_eip",
                    "depends_on": [],
                    "primary": {
                        "id": "eipalloc-0cb48571315321760",
                        "attributes": {
                            "association_id": "",
                            "domain": "vpc",
                            "id": "eipalloc-0cb48571315321760",
                            "instance": "",
                            "network_interface": "",
                            "private_ip": "",
                            "public_ip": "52.36.55.156",
                            "tags.%": "3",
                            "tags.KubernetesCluster": "k8s.liouvetren.com",
                            "tags.Name": "us-west-2c.k8s.liouvetren.com",
                            "tags.kubernetes.io/cluster/k8s.liouvetren.com": "owned",
                            "vpc": "true"
                        },
                        "meta": {
                            "e2bfb730-ecaa-11e6-8f88-34363bc7c4c0": {
                                "delete": 180000000000,
                                "read": 900000000000,
                                "update": 300000000000
                            }
                        },
                        "tainted": false
                    },
                    "deposed": [],
                    "provider": "provider.aws"
                },
                "aws_elb.api-k8s-liouvetren-com": {
                    "type": "aws_elb",
                    "depends_on": [
                        "aws_security_group.api-elb-k8s-liouvetren-com",
                        "aws_subnet.utility-us-west-2a-k8s-liouvetren-com",
                        "aws_subnet.utility-us-west-2b-k8s-liouvetren-com",
                        "aws_subnet.utility-us-west-2c-k8s-liouvetren-com"
                    ],
                    "primary": {
                        "id": "api-k8s-liouvetren-com-bcvb0h",
                        "attributes": {
                            "access_logs.#": "0",
                            "arn": "arn:aws:elasticloadbalancing:us-west-2:196050334907:loadbalancer/api-k8s-liouvetren-com-bcvb0h",
                            "availability_zones.#": "3",
                            "availability_zones.2050015877": "us-west-2c",
                            "availability_zones.221770259": "us-west-2b",
                            "availability_zones.2487133097": "us-west-2a",
                            "connection_draining": "false",
                            "connection_draining_timeout": "300",
                            "cross_zone_load_balancing": "true",
                            "dns_name": "api-k8s-liouvetren-com-bcvb0h-2103536092.us-west-2.elb.amazonaws.com",
                            "health_check.#": "1",
                            "health_check.0.healthy_threshold": "2",
                            "health_check.0.interval": "10",
                            "health_check.0.target": "SSL:443",
                            "health_check.0.timeout": "5",
                            "health_check.0.unhealthy_threshold": "2",
                            "id": "api-k8s-liouvetren-com-bcvb0h",
                            "idle_timeout": "300",
                            "instances.#": "3",
                            "instances.2016493866": "i-004a16718e24451cc",
                            "instances.2536078873": "i-03101471645e45e5b",
                            "instances.2917694052": "i-0895eb26f4a7fa56f",
                            "internal": "false",
                            "listener.#": "1",
                            "listener.610193557.instance_port": "443",
                            "listener.610193557.instance_protocol": "tcp",
                            "listener.610193557.lb_port": "443",
                            "listener.610193557.lb_protocol": "tcp",
                            "listener.610193557.ssl_certificate_id": "",
                            "name": "api-k8s-liouvetren-com-bcvb0h",
                            "security_groups.#": "1",
                            "security_groups.1671410055": "sg-09c86a43b70d4f51a",
                            "source_security_group": "196050334907/api-elb.k8s.liouvetren.com",
                            "source_security_group_id": "sg-09c86a43b70d4f51a",
                            "subnets.#": "3",
                            "subnets.1056457989": "subnet-0bf01607486cea085",
                            "subnets.1753456051": "subnet-0f8082ac65074e85d",
                            "subnets.3435717018": "subnet-0a8807f3ffeb2b637",
                            "tags.%": "2",
                            "tags.KubernetesCluster": "k8s.liouvetren.com",
                            "tags.Name": "api.k8s.liouvetren.com",
                            "zone_id": "Z1H1FL5HABSF5"
                        },
                        "meta": {},
                        "tainted": false
                    },
                    "deposed": [],
                    "provider": "provider.aws"
                },
                "aws_iam_instance_profile.masters-k8s-liouvetren-com": {
                    "type": "aws_iam_instance_profile",
                    "depends_on": [
                        "aws_iam_role.masters-k8s-liouvetren-com"
                    ],
                    "primary": {
                        "id": "masters.k8s.liouvetren.com",
                        "attributes": {
                            "arn": "arn:aws:iam::196050334907:instance-profile/masters.k8s.liouvetren.com",
                            "create_date": "2018-08-01T03:01:52Z",
                            "id": "masters.k8s.liouvetren.com",
                            "name": "masters.k8s.liouvetren.com",
                            "path": "/",
                            "role": "masters.k8s.liouvetren.com",
                            "roles.#": "1",
                            "roles.2332219618": "masters.k8s.liouvetren.com",
                            "unique_id": "AIPAIRKU7NXVWVMWAJLMM"
                        },
                        "meta": {},
                        "tainted": false
                    },
                    "deposed": [],
                    "provider": "provider.aws"
                },
                "aws_iam_instance_profile.nodes-k8s-liouvetren-com": {
                    "type": "aws_iam_instance_profile",
                    "depends_on": [
                        "aws_iam_role.nodes-k8s-liouvetren-com"
                    ],
                    "primary": {
                        "id": "nodes.k8s.liouvetren.com",
                        "attributes": {
                            "arn": "arn:aws:iam::196050334907:instance-profile/nodes.k8s.liouvetren.com",
                            "create_date": "2018-08-01T03:01:52Z",
                            "id": "nodes.k8s.liouvetren.com",
                            "name": "nodes.k8s.liouvetren.com",
                            "path": "/",
                            "role": "nodes.k8s.liouvetren.com",
                            "roles.#": "1",
                            "roles.4249392996": "nodes.k8s.liouvetren.com",
                            "unique_id": "AIPAJ5REGTK4CU5IDF6JS"
                        },
                        "meta": {},
                        "tainted": false
                    },
                    "deposed": [],
                    "provider": "provider.aws"
                },
                "aws_iam_role.masters-k8s-liouvetren-com": {
                    "type": "aws_iam_role",
                    "depends_on": [],
                    "primary": {
                        "id": "masters.k8s.liouvetren.com",
                        "attributes": {
                            "arn": "arn:aws:iam::196050334907:role/masters.k8s.liouvetren.com",
                            "assume_role_policy": "{\"Version\":\"2012-10-17\",\"Statement\":[{\"Effect\":\"Allow\",\"Principal\":{\"Service\":\"ec2.amazonaws.com\"},\"Action\":\"sts:AssumeRole\"}]}",
                            "create_date": "2018-08-01T03:01:52Z",
                            "force_detach_policies": "false",
                            "id": "masters.k8s.liouvetren.com",
                            "max_session_duration": "3600",
                            "name": "masters.k8s.liouvetren.com",
                            "path": "/",
                            "unique_id": "AROAIFE2SBWLPMTWOYDGU"
                        },
                        "meta": {},
                        "tainted": false
                    },
                    "deposed": [],
                    "provider": "provider.aws"
                },
                "aws_iam_role.nodes-k8s-liouvetren-com": {
                    "type": "aws_iam_role",
                    "depends_on": [],
                    "primary": {
                        "id": "nodes.k8s.liouvetren.com",
                        "attributes": {
                            "arn": "arn:aws:iam::196050334907:role/nodes.k8s.liouvetren.com",
                            "assume_role_policy": "{\"Version\":\"2012-10-17\",\"Statement\":[{\"Effect\":\"Allow\",\"Principal\":{\"Service\":\"ec2.amazonaws.com\"},\"Action\":\"sts:AssumeRole\"}]}",
                            "create_date": "2018-08-01T03:01:51Z",
                            "force_detach_policies": "false",
                            "id": "nodes.k8s.liouvetren.com",
                            "max_session_duration": "3600",
                            "name": "nodes.k8s.liouvetren.com",
                            "path": "/",
                            "unique_id": "AROAJMB5YLEFRRQOTTEGY"
                        },
                        "meta": {},
                        "tainted": false
                    },
                    "deposed": [],
                    "provider": "provider.aws"
                },
                "aws_iam_role_policy.masters-k8s-liouvetren-com": {
                    "type": "aws_iam_role_policy",
                    "depends_on": [
                        "aws_iam_role.masters-k8s-liouvetren-com"
                    ],
                    "primary": {
                        "id": "masters.k8s.liouvetren.com:masters.k8s.liouvetren.com",
                        "attributes": {
                            "id": "masters.k8s.liouvetren.com:masters.k8s.liouvetren.com",
                            "name": "masters.k8s.liouvetren.com",
                            "policy": "{\n  \"Version\": \"2012-10-17\",\n  \"Statement\": [\n    {\n      \"Sid\": \"kopsK8sEC2MasterPermsDescribeResources\",\n      \"Effect\": \"Allow\",\n      \"Action\": [\n        \"ec2:DescribeInstances\",\n        \"ec2:DescribeRegions\",\n        \"ec2:DescribeRouteTables\",\n        \"ec2:DescribeSecurityGroups\",\n        \"ec2:DescribeSubnets\",\n        \"ec2:DescribeVolumes\"\n      ],\n      \"Resource\": [\n        \"*\"\n      ]\n    },\n    {\n      \"Sid\": \"kopsK8sEC2MasterPermsAllResources\",\n      \"Effect\": \"Allow\",\n      \"Action\": [\n        \"ec2:CreateSecurityGroup\",\n        \"ec2:CreateTags\",\n        \"ec2:CreateVolume\",\n        \"ec2:ModifyInstanceAttribute\"\n      ],\n      \"Resource\": [\n        \"*\"\n      ]\n    },\n    {\n      \"Sid\": \"kopsK8sEC2MasterPermsTaggedResources\",\n      \"Effect\": \"Allow\",\n      \"Action\": [\n        \"ec2:AttachVolume\",\n        \"ec2:AuthorizeSecurityGroupIngress\",\n        \"ec2:CreateRoute\",\n        \"ec2:DeleteRoute\",\n        \"ec2:DeleteSecurityGroup\",\n        \"ec2:DeleteVolume\",\n        \"ec2:DetachVolume\",\n        \"ec2:RevokeSecurityGroupIngress\"\n      ],\n      \"Resource\": [\n        \"*\"\n      ],\n      \"Condition\": {\n        \"StringEquals\": {\n          \"ec2:ResourceTag/KubernetesCluster\": \"k8s.liouvetren.com\"\n        }\n      }\n    },\n    {\n      \"Sid\": \"kopsK8sASMasterPermsAllResources\",\n      \"Effect\": \"Allow\",\n      \"Action\": [\n        \"autoscaling:DescribeAutoScalingGroups\",\n        \"autoscaling:DescribeLaunchConfigurations\",\n        \"autoscaling:DescribeTags\",\n        \"autoscaling:GetAsgForInstance\"\n      ],\n      \"Resource\": [\n        \"*\"\n      ]\n    },\n    {\n      \"Sid\": \"kopsK8sASMasterPermsTaggedResources\",\n      \"Effect\": \"Allow\",\n      \"Action\": [\n        \"autoscaling:SetDesiredCapacity\",\n        \"autoscaling:TerminateInstanceInAutoScalingGroup\",\n        \"autoscaling:UpdateAutoScalingGroup\"\n      ],\n      \"Resource\": [\n        \"*\"\n      ],\n      \"Condition\": {\n        \"StringEquals\": {\n          \"autoscaling:ResourceTag/KubernetesCluster\": \"k8s.liouvetren.com\"\n        }\n      }\n    },\n    {\n      \"Sid\": \"kopsK8sELBMasterPermsRestrictive\",\n      \"Effect\": \"Allow\",\n      \"Action\": [\n        \"elasticloadbalancing:AddTags\",\n        \"elasticloadbalancing:AttachLoadBalancerToSubnets\",\n        \"elasticloadbalancing:ApplySecurityGroupsToLoadBalancer\",\n        \"elasticloadbalancing:CreateLoadBalancer\",\n        \"elasticloadbalancing:CreateLoadBalancerPolicy\",\n        \"elasticloadbalancing:CreateLoadBalancerListeners\",\n        \"elasticloadbalancing:ConfigureHealthCheck\",\n        \"elasticloadbalancing:DeleteLoadBalancer\",\n        \"elasticloadbalancing:DeleteLoadBalancerListeners\",\n        \"elasticloadbalancing:DescribeLoadBalancers\",\n        \"elasticloadbalancing:DescribeLoadBalancerAttributes\",\n        \"elasticloadbalancing:DetachLoadBalancerFromSubnets\",\n        \"elasticloadbalancing:DeregisterInstancesFromLoadBalancer\",\n        \"elasticloadbalancing:ModifyLoadBalancerAttributes\",\n        \"elasticloadbalancing:RegisterInstancesWithLoadBalancer\",\n        \"elasticloadbalancing:SetLoadBalancerPoliciesForBackendServer\"\n      ],\n      \"Resource\": [\n        \"*\"\n      ]\n    },\n    {\n      \"Sid\": \"kopsK8sNLBMasterPermsRestrictive\",\n      \"Effect\": \"Allow\",\n      \"Action\": [\n        \"ec2:DescribeVpcs\",\n        \"elasticloadbalancing:AddTags\",\n        \"elasticloadbalancing:CreateListener\",\n        \"elasticloadbalancing:CreateTargetGroup\",\n        \"elasticloadbalancing:DeleteListener\",\n        \"elasticloadbalancing:DeleteTargetGroup\",\n        \"elasticloadbalancing:DescribeListeners\",\n        \"elasticloadbalancing:DescribeLoadBalancerPolicies\",\n        \"elasticloadbalancing:DescribeTargetGroups\",\n        \"elasticloadbalancing:DescribeTargetHealth\",\n        \"elasticloadbalancing:ModifyListener\",\n        \"elasticloadbalancing:ModifyTargetGroup\",\n        \"elasticloadbalancing:RegisterTargets\",\n        \"elasticloadbalancing:SetLoadBalancerPoliciesOfListener\"\n      ],\n      \"Resource\": [\n        \"*\"\n      ]\n    },\n    {\n      \"Sid\": \"kopsMasterCertIAMPerms\",\n      \"Effect\": \"Allow\",\n      \"Action\": [\n        \"iam:ListServerCertificates\",\n        \"iam:GetServerCertificate\"\n      ],\n      \"Resource\": [\n        \"*\"\n      ]\n    },\n    {\n      \"Sid\": \"kopsK8sS3GetListBucket\",\n      \"Effect\": \"Allow\",\n      \"Action\": [\n        \"s3:GetBucketLocation\",\n        \"s3:ListBucket\"\n      ],\n      \"Resource\": [\n        \"arn:aws:s3:::k8s-state-bucket\"\n      ]\n    },\n    {\n      \"Sid\": \"kopsK8sS3MasterBucketFullGet\",\n      \"Effect\": \"Allow\",\n      \"Action\": [\n        \"s3:Get*\"\n      ],\n      \"Resource\": \"arn:aws:s3:::k8s-state-bucket/k8s.liouvetren.com/*\"\n    },\n    {\n      \"Sid\": \"kopsK8sRoute53Change\",\n      \"Effect\": \"Allow\",\n      \"Action\": [\n        \"route53:ChangeResourceRecordSets\",\n        \"route53:ListResourceRecordSets\",\n        \"route53:GetHostedZone\"\n      ],\n      \"Resource\": [\n        \"arn:aws:route53:::hostedzone/Z1VB2C2D30QP0B\"\n      ]\n    },\n    {\n      \"Sid\": \"kopsK8sRoute53GetChanges\",\n      \"Effect\": \"Allow\",\n      \"Action\": [\n        \"route53:GetChange\"\n      ],\n      \"Resource\": [\n        \"arn:aws:route53:::change/*\"\n      ]\n    },\n    {\n      \"Sid\": \"kopsK8sRoute53ListZones\",\n      \"Effect\": \"Allow\",\n      \"Action\": [\n        \"route53:ListHostedZones\"\n      ],\n      \"Resource\": [\n        \"*\"\n      ]\n    },\n    {\n      \"Sid\": \"kopsK8sECR\",\n      \"Effect\": \"Allow\",\n      \"Action\": [\n        \"ecr:GetAuthorizationToken\",\n        \"ecr:BatchCheckLayerAvailability\",\n        \"ecr:GetDownloadUrlForLayer\",\n        \"ecr:GetRepositoryPolicy\",\n        \"ecr:DescribeRepositories\",\n        \"ecr:ListImages\",\n        \"ecr:BatchGetImage\"\n      ],\n      \"Resource\": [\n        \"*\"\n      ]\n    }\n  ]\n}",
                            "role": "masters.k8s.liouvetren.com"
                        },
                        "meta": {},
                        "tainted": false
                    },
                    "deposed": [],
                    "provider": "provider.aws"
                },
                "aws_iam_role_policy.nodes-k8s-liouvetren-com": {
                    "type": "aws_iam_role_policy",
                    "depends_on": [
                        "aws_iam_role.nodes-k8s-liouvetren-com"
                    ],
                    "primary": {
                        "id": "nodes.k8s.liouvetren.com:nodes.k8s.liouvetren.com",
                        "attributes": {
                            "id": "nodes.k8s.liouvetren.com:nodes.k8s.liouvetren.com",
                            "name": "nodes.k8s.liouvetren.com",
                            "policy": "{\n  \"Version\": \"2012-10-17\",\n  \"Statement\": [\n    {\n      \"Sid\": \"kopsK8sEC2NodePerms\",\n      \"Effect\": \"Allow\",\n      \"Action\": [\n        \"ec2:DescribeInstances\",\n        \"ec2:DescribeRegions\"\n      ],\n      \"Resource\": [\n        \"*\"\n      ]\n    },\n    {\n      \"Sid\": \"kopsK8sS3GetListBucket\",\n      \"Effect\": \"Allow\",\n      \"Action\": [\n        \"s3:GetBucketLocation\",\n        \"s3:ListBucket\"\n      ],\n      \"Resource\": [\n        \"arn:aws:s3:::k8s-state-bucket\"\n      ]\n    },\n    {\n      \"Sid\": \"kopsK8sS3NodeBucketSelectiveGet\",\n      \"Effect\": \"Allow\",\n      \"Action\": [\n        \"s3:Get*\"\n      ],\n      \"Resource\": [\n        \"arn:aws:s3:::k8s-state-bucket/k8s.liouvetren.com/addons/*\",\n        \"arn:aws:s3:::k8s-state-bucket/k8s.liouvetren.com/cluster.spec\",\n        \"arn:aws:s3:::k8s-state-bucket/k8s.liouvetren.com/config\",\n        \"arn:aws:s3:::k8s-state-bucket/k8s.liouvetren.com/instancegroup/*\",\n        \"arn:aws:s3:::k8s-state-bucket/k8s.liouvetren.com/pki/issued/*\",\n        \"arn:aws:s3:::k8s-state-bucket/k8s.liouvetren.com/pki/private/kube-proxy/*\",\n        \"arn:aws:s3:::k8s-state-bucket/k8s.liouvetren.com/pki/private/kubelet/*\",\n        \"arn:aws:s3:::k8s-state-bucket/k8s.liouvetren.com/pki/ssh/*\",\n        \"arn:aws:s3:::k8s-state-bucket/k8s.liouvetren.com/secrets/dockerconfig\"\n      ]\n    },\n    {\n      \"Sid\": \"kopsK8sS3NodeBucketGetCalicoClient\",\n      \"Effect\": \"Allow\",\n      \"Action\": [\n        \"s3:Get*\"\n      ],\n      \"Resource\": \"arn:aws:s3:::k8s-state-bucket/k8s.liouvetren.com/pki/private/calico-client/*\"\n    },\n    {\n      \"Sid\": \"kopsK8sECR\",\n      \"Effect\": \"Allow\",\n      \"Action\": [\n        \"ecr:GetAuthorizationToken\",\n        \"ecr:BatchCheckLayerAvailability\",\n        \"ecr:GetDownloadUrlForLayer\",\n        \"ecr:GetRepositoryPolicy\",\n        \"ecr:DescribeRepositories\",\n        \"ecr:ListImages\",\n        \"ecr:BatchGetImage\"\n      ],\n      \"Resource\": [\n        \"*\"\n      ]\n    }\n  ]\n}",
                            "role": "nodes.k8s.liouvetren.com"
                        },
                        "meta": {},
                        "tainted": false
                    },
                    "deposed": [],
                    "provider": "provider.aws"
                },
                "aws_internet_gateway.k8s-liouvetren-com": {
                    "type": "aws_internet_gateway",
                    "depends_on": [
                        "aws_vpc.k8s-liouvetren-com"
                    ],
                    "primary": {
                        "id": "igw-083115890ba83b239",
                        "attributes": {
                            "id": "igw-083115890ba83b239",
                            "tags.%": "3",
                            "tags.KubernetesCluster": "k8s.liouvetren.com",
                            "tags.Name": "k8s.liouvetren.com",
                            "tags.kubernetes.io/cluster/k8s.liouvetren.com": "owned",
                            "vpc_id": "vpc-09ff615788f066c1b"
                        },
                        "meta": {},
                        "tainted": false
                    },
                    "deposed": [],
                    "provider": "provider.aws"
                },
                "aws_key_pair.kubernetes-k8s-liouvetren-com-4e294169e81b89a66d2b416f84a8321c": {
                    "type": "aws_key_pair",
                    "depends_on": [],
                    "primary": {
                        "id": "kubernetes.k8s.liouvetren.com-4e:29:41:69:e8:1b:89:a6:6d:2b:41:6f:84:a8:32:1c",
                        "attributes": {
                            "fingerprint": "37:e0:6e:9a:1a:79:df:6e:cb:36:15:af:02:c7:66:10",
                            "id": "kubernetes.k8s.liouvetren.com-4e:29:41:69:e8:1b:89:a6:6d:2b:41:6f:84:a8:32:1c",
                            "key_name": "kubernetes.k8s.liouvetren.com-4e:29:41:69:e8:1b:89:a6:6d:2b:41:6f:84:a8:32:1c",
                            "public_key": "ssh-rsa AAAAB3NzaC1yc2EAAAADAQABAAABAQDP0p747VuZI/jRG3qK3+tzIxUGJ/sfUnNPsWFfyIFkzUkzyCr+xkRzBCcceIxYmc1vSauEr1F/YqNyVBuBr/715LdH0IjWDQo34IAuIMXVuWQ8kogB2k+7NvS4r9wSMypn807keVEDKOrOrWHnYrRljpi7F1lOujReinQfnGoRSDHjRJBXqh9vFVCWL3N4gYpRsDURr6Yv+tXyfiDLjj22u2UFfy82MzCdaqLWLZ55bwM/Lmx1gyaxh7neKtJSd/hjd3UX5vtaS6KG6+ekrQOHFAqJ0nfZ1qtvc95RJYnJ7Vs/CrbbcVBQ6A2MxUK/bLzj+1ouypphgBFtzvhhb3Lv shengs@149-162-143-156.dhcp-in.iupui.edu"
                        },
                        "meta": {
                            "schema_version": "1"
                        },
                        "tainted": false
                    },
                    "deposed": [],
                    "provider": "provider.aws"
                },
                "aws_launch_configuration.master-us-west-2a-masters-k8s-liouvetren-com": {
                    "type": "aws_launch_configuration",
                    "depends_on": [
                        "aws_iam_instance_profile.masters-k8s-liouvetren-com",
                        "aws_key_pair.kubernetes-k8s-liouvetren-com-4e294169e81b89a66d2b416f84a8321c",
                        "aws_security_group.masters-k8s-liouvetren-com"
                    ],
                    "primary": {
                        "id": "master-us-west-2a.masters.k8s.liouvetren.com-20180801030202730200000004",
                        "attributes": {
                            "associate_public_ip_address": "false",
                            "ebs_block_device.#": "0",
                            "ebs_optimized": "false",
                            "enable_monitoring": "false",
                            "ephemeral_block_device.#": "1",
                            "ephemeral_block_device.3292514005.device_name": "/dev/sdc",
                            "ephemeral_block_device.3292514005.virtual_name": "ephemeral0",
                            "iam_instance_profile": "masters.k8s.liouvetren.com",
                            "id": "master-us-west-2a.masters.k8s.liouvetren.com-20180801030202730200000004",
                            "image_id": "ami-4bfe6f33",
                            "instance_type": "m3.medium",
                            "key_name": "kubernetes.k8s.liouvetren.com-4e:29:41:69:e8:1b:89:a6:6d:2b:41:6f:84:a8:32:1c",
                            "name": "master-us-west-2a.masters.k8s.liouvetren.com-20180801030202730200000004",
                            "name_prefix": "master-us-west-2a.masters.k8s.liouvetren.com-",
                            "root_block_device.#": "1",
                            "root_block_device.0.delete_on_termination": "true",
                            "root_block_device.0.iops": "0",
                            "root_block_device.0.volume_size": "64",
                            "root_block_device.0.volume_type": "gp2",
                            "security_groups.#": "1",
                            "security_groups.647396748": "sg-0ccc0053ca4b15a08",
                            "spot_price": "",
                            "user_data": "62e5bdedfbb01bf0d86b9fb3c503eaa3dfbef002",
                            "vpc_classic_link_id": "",
                            "vpc_classic_link_security_groups.#": "0"
                        },
                        "meta": {},
                        "tainted": false
                    },
                    "deposed": [],
                    "provider": "provider.aws"
                },
                "aws_launch_configuration.master-us-west-2b-masters-k8s-liouvetren-com": {
                    "type": "aws_launch_configuration",
                    "depends_on": [
                        "aws_iam_instance_profile.masters-k8s-liouvetren-com",
                        "aws_key_pair.kubernetes-k8s-liouvetren-com-4e294169e81b89a66d2b416f84a8321c",
                        "aws_security_group.masters-k8s-liouvetren-com"
                    ],
                    "primary": {
                        "id": "master-us-west-2b.masters.k8s.liouvetren.com-20180801030202541500000003",
                        "attributes": {
                            "associate_public_ip_address": "false",
                            "ebs_block_device.#": "0",
                            "ebs_optimized": "false",
                            "enable_monitoring": "false",
                            "ephemeral_block_device.#": "1",
                            "ephemeral_block_device.3292514005.device_name": "/dev/sdc",
                            "ephemeral_block_device.3292514005.virtual_name": "ephemeral0",
                            "iam_instance_profile": "masters.k8s.liouvetren.com",
                            "id": "master-us-west-2b.masters.k8s.liouvetren.com-20180801030202541500000003",
                            "image_id": "ami-4bfe6f33",
                            "instance_type": "m3.medium",
                            "key_name": "kubernetes.k8s.liouvetren.com-4e:29:41:69:e8:1b:89:a6:6d:2b:41:6f:84:a8:32:1c",
                            "name": "master-us-west-2b.masters.k8s.liouvetren.com-20180801030202541500000003",
                            "name_prefix": "master-us-west-2b.masters.k8s.liouvetren.com-",
                            "root_block_device.#": "1",
                            "root_block_device.0.delete_on_termination": "true",
                            "root_block_device.0.iops": "0",
                            "root_block_device.0.volume_size": "64",
                            "root_block_device.0.volume_type": "gp2",
                            "security_groups.#": "1",
                            "security_groups.647396748": "sg-0ccc0053ca4b15a08",
                            "spot_price": "",
                            "user_data": "b66bd171e7ba31d2cd552c502a339941290cfbe2",
                            "vpc_classic_link_id": "",
                            "vpc_classic_link_security_groups.#": "0"
                        },
                        "meta": {},
                        "tainted": false
                    },
                    "deposed": [],
                    "provider": "provider.aws"
                },
                "aws_launch_configuration.master-us-west-2c-masters-k8s-liouvetren-com": {
                    "type": "aws_launch_configuration",
                    "depends_on": [
                        "aws_iam_instance_profile.masters-k8s-liouvetren-com",
                        "aws_key_pair.kubernetes-k8s-liouvetren-com-4e294169e81b89a66d2b416f84a8321c",
                        "aws_security_group.masters-k8s-liouvetren-com"
                    ],
                    "primary": {
                        "id": "master-us-west-2c.masters.k8s.liouvetren.com-20180801030202414300000002",
                        "attributes": {
                            "associate_public_ip_address": "false",
                            "ebs_block_device.#": "0",
                            "ebs_optimized": "false",
                            "enable_monitoring": "false",
                            "ephemeral_block_device.#": "1",
                            "ephemeral_block_device.3292514005.device_name": "/dev/sdc",
                            "ephemeral_block_device.3292514005.virtual_name": "ephemeral0",
                            "iam_instance_profile": "masters.k8s.liouvetren.com",
                            "id": "master-us-west-2c.masters.k8s.liouvetren.com-20180801030202414300000002",
                            "image_id": "ami-4bfe6f33",
                            "instance_type": "m3.medium",
                            "key_name": "kubernetes.k8s.liouvetren.com-4e:29:41:69:e8:1b:89:a6:6d:2b:41:6f:84:a8:32:1c",
                            "name": "master-us-west-2c.masters.k8s.liouvetren.com-20180801030202414300000002",
                            "name_prefix": "master-us-west-2c.masters.k8s.liouvetren.com-",
                            "root_block_device.#": "1",
                            "root_block_device.0.delete_on_termination": "true",
                            "root_block_device.0.iops": "0",
                            "root_block_device.0.volume_size": "64",
                            "root_block_device.0.volume_type": "gp2",
                            "security_groups.#": "1",
                            "security_groups.647396748": "sg-0ccc0053ca4b15a08",
                            "spot_price": "",
                            "user_data": "95036e7536ea3ac2122ef0ceef00ece4b5d76f2a",
                            "vpc_classic_link_id": "",
                            "vpc_classic_link_security_groups.#": "0"
                        },
                        "meta": {},
                        "tainted": false
                    },
                    "deposed": [],
                    "provider": "provider.aws"
                },
                "aws_launch_configuration.nodes-k8s-liouvetren-com": {
                    "type": "aws_launch_configuration",
                    "depends_on": [
                        "aws_iam_instance_profile.nodes-k8s-liouvetren-com",
                        "aws_key_pair.kubernetes-k8s-liouvetren-com-4e294169e81b89a66d2b416f84a8321c",
                        "aws_security_group.nodes-k8s-liouvetren-com"
                    ],
                    "primary": {
                        "id": "nodes.k8s.liouvetren.com-20180801030158566700000001",
                        "attributes": {
                            "associate_public_ip_address": "false",
                            "ebs_block_device.#": "0",
                            "ebs_optimized": "false",
                            "enable_monitoring": "false",
                            "ephemeral_block_device.#": "0",
                            "iam_instance_profile": "nodes.k8s.liouvetren.com",
                            "id": "nodes.k8s.liouvetren.com-20180801030158566700000001",
                            "image_id": "ami-4bfe6f33",
                            "instance_type": "t2.medium",
                            "key_name": "kubernetes.k8s.liouvetren.com-4e:29:41:69:e8:1b:89:a6:6d:2b:41:6f:84:a8:32:1c",
                            "name": "nodes.k8s.liouvetren.com-20180801030158566700000001",
                            "name_prefix": "nodes.k8s.liouvetren.com-",
                            "root_block_device.#": "1",
                            "root_block_device.0.delete_on_termination": "true",
                            "root_block_device.0.iops": "0",
                            "root_block_device.0.volume_size": "128",
                            "root_block_device.0.volume_type": "gp2",
                            "security_groups.#": "1",
                            "security_groups.1738125949": "sg-01820ff93ac7c8ae5",
                            "spot_price": "",
                            "user_data": "c65898d23b83e9b8b0460eaa7bb25398b8fbecf1",
                            "vpc_classic_link_id": "",
                            "vpc_classic_link_security_groups.#": "0"
                        },
                        "meta": {},
                        "tainted": false
                    },
                    "deposed": [],
                    "provider": "provider.aws"
                },
                "aws_nat_gateway.us-west-2a-k8s-liouvetren-com": {
                    "type": "aws_nat_gateway",
                    "depends_on": [
                        "aws_eip.us-west-2a-k8s-liouvetren-com",
                        "aws_subnet.utility-us-west-2a-k8s-liouvetren-com"
                    ],
                    "primary": {
                        "id": "nat-0f8373ec4a263082e",
                        "attributes": {
                            "allocation_id": "eipalloc-076dba3e9b0c5f771",
                            "id": "nat-0f8373ec4a263082e",
                            "network_interface_id": "eni-0543198ac38f25e57",
                            "private_ip": "172.20.3.177",
                            "public_ip": "52.26.240.88",
                            "subnet_id": "subnet-0a8807f3ffeb2b637",
                            "tags.%": "3",
                            "tags.KubernetesCluster": "k8s.liouvetren.com",
                            "tags.Name": "us-west-2a.k8s.liouvetren.com",
                            "tags.kubernetes.io/cluster/k8s.liouvetren.com": "owned"
                        },
                        "meta": {},
                        "tainted": false
                    },
                    "deposed": [],
                    "provider": "provider.aws"
                },
                "aws_nat_gateway.us-west-2b-k8s-liouvetren-com": {
                    "type": "aws_nat_gateway",
                    "depends_on": [
                        "aws_eip.us-west-2b-k8s-liouvetren-com",
                        "aws_subnet.utility-us-west-2b-k8s-liouvetren-com"
                    ],
                    "primary": {
                        "id": "nat-0e75e37ab84d9db3e",
                        "attributes": {
                            "allocation_id": "eipalloc-0b0a876b6523814a8",
                            "id": "nat-0e75e37ab84d9db3e",
                            "network_interface_id": "eni-05e094a7923b5daa4",
                            "private_ip": "172.20.5.114",
                            "public_ip": "52.34.233.70",
                            "subnet_id": "subnet-0bf01607486cea085",
                            "tags.%": "3",
                            "tags.KubernetesCluster": "k8s.liouvetren.com",
                            "tags.Name": "us-west-2b.k8s.liouvetren.com",
                            "tags.kubernetes.io/cluster/k8s.liouvetren.com": "owned"
                        },
                        "meta": {},
                        "tainted": false
                    },
                    "deposed": [],
                    "provider": "provider.aws"
                },
                "aws_nat_gateway.us-west-2c-k8s-liouvetren-com": {
                    "type": "aws_nat_gateway",
                    "depends_on": [
                        "aws_eip.us-west-2c-k8s-liouvetren-com",
                        "aws_subnet.utility-us-west-2c-k8s-liouvetren-com"
                    ],
                    "primary": {
                        "id": "nat-0736f3d2ba1644aff",
                        "attributes": {
                            "allocation_id": "eipalloc-0cb48571315321760",
                            "id": "nat-0736f3d2ba1644aff",
                            "network_interface_id": "eni-09254dfe781cc1ce3",
                            "private_ip": "172.20.8.52",
                            "public_ip": "52.36.55.156",
                            "subnet_id": "subnet-0f8082ac65074e85d",
                            "tags.%": "3",
                            "tags.KubernetesCluster": "k8s.liouvetren.com",
                            "tags.Name": "us-west-2c.k8s.liouvetren.com",
                            "tags.kubernetes.io/cluster/k8s.liouvetren.com": "owned"
                        },
                        "meta": {},
                        "tainted": false
                    },
                    "deposed": [],
                    "provider": "provider.aws"
                },
                "aws_route.0-0-0-0--0": {
                    "type": "aws_route",
                    "depends_on": [
                        "aws_internet_gateway.k8s-liouvetren-com",
                        "aws_route_table.k8s-liouvetren-com"
                    ],
                    "primary": {
                        "id": "r-rtb-0d7d0087eae7cea541080289494",
                        "attributes": {
                            "destination_cidr_block": "0.0.0.0/0",
                            "destination_prefix_list_id": "",
                            "egress_only_gateway_id": "",
                            "gateway_id": "igw-083115890ba83b239",
                            "id": "r-rtb-0d7d0087eae7cea541080289494",
                            "instance_id": "",
                            "instance_owner_id": "",
                            "nat_gateway_id": "",
                            "network_interface_id": "",
                            "origin": "CreateRoute",
                            "route_table_id": "rtb-0d7d0087eae7cea54",
                            "state": "active",
                            "vpc_peering_connection_id": ""
                        },
                        "meta": {
                            "e2bfb730-ecaa-11e6-8f88-34363bc7c4c0": {
                                "create": 120000000000,
                                "delete": 300000000000
                            }
                        },
                        "tainted": false
                    },
                    "deposed": [],
                    "provider": "provider.aws"
                },
                "aws_route.private-us-west-2a-0-0-0-0--0": {
                    "type": "aws_route",
                    "depends_on": [
                        "aws_nat_gateway.us-west-2a-k8s-liouvetren-com",
                        "aws_route_table.private-us-west-2a-k8s-liouvetren-com"
                    ],
                    "primary": {
                        "id": "r-rtb-0044fd983331746e81080289494",
                        "attributes": {
                            "destination_cidr_block": "0.0.0.0/0",
                            "destination_prefix_list_id": "",
                            "egress_only_gateway_id": "",
                            "gateway_id": "",
                            "id": "r-rtb-0044fd983331746e81080289494",
                            "instance_id": "",
                            "instance_owner_id": "",
                            "nat_gateway_id": "nat-0f8373ec4a263082e",
                            "network_interface_id": "",
                            "origin": "CreateRoute",
                            "route_table_id": "rtb-0044fd983331746e8",
                            "state": "active",
                            "vpc_peering_connection_id": ""
                        },
                        "meta": {
                            "e2bfb730-ecaa-11e6-8f88-34363bc7c4c0": {
                                "create": 120000000000,
                                "delete": 300000000000
                            }
                        },
                        "tainted": false
                    },
                    "deposed": [],
                    "provider": "provider.aws"
                },
                "aws_route.private-us-west-2b-0-0-0-0--0": {
                    "type": "aws_route",
                    "depends_on": [
                        "aws_nat_gateway.us-west-2b-k8s-liouvetren-com",
                        "aws_route_table.private-us-west-2b-k8s-liouvetren-com"
                    ],
                    "primary": {
                        "id": "r-rtb-03d4711d964310a7d1080289494",
                        "attributes": {
                            "destination_cidr_block": "0.0.0.0/0",
                            "destination_prefix_list_id": "",
                            "egress_only_gateway_id": "",
                            "gateway_id": "",
                            "id": "r-rtb-03d4711d964310a7d1080289494",
                            "instance_id": "",
                            "instance_owner_id": "",
                            "nat_gateway_id": "nat-0e75e37ab84d9db3e",
                            "network_interface_id": "",
                            "origin": "CreateRoute",
                            "route_table_id": "rtb-03d4711d964310a7d",
                            "state": "active",
                            "vpc_peering_connection_id": ""
                        },
                        "meta": {
                            "e2bfb730-ecaa-11e6-8f88-34363bc7c4c0": {
                                "create": 120000000000,
                                "delete": 300000000000
                            }
                        },
                        "tainted": false
                    },
                    "deposed": [],
                    "provider": "provider.aws"
                },
                "aws_route.private-us-west-2c-0-0-0-0--0": {
                    "type": "aws_route",
                    "depends_on": [
                        "aws_nat_gateway.us-west-2c-k8s-liouvetren-com",
                        "aws_route_table.private-us-west-2c-k8s-liouvetren-com"
                    ],
                    "primary": {
                        "id": "r-rtb-0c083162ac191edfd1080289494",
                        "attributes": {
                            "destination_cidr_block": "0.0.0.0/0",
                            "destination_prefix_list_id": "",
                            "egress_only_gateway_id": "",
                            "gateway_id": "",
                            "id": "r-rtb-0c083162ac191edfd1080289494",
                            "instance_id": "",
                            "instance_owner_id": "",
                            "nat_gateway_id": "nat-0736f3d2ba1644aff",
                            "network_interface_id": "",
                            "origin": "CreateRoute",
                            "route_table_id": "rtb-0c083162ac191edfd",
                            "state": "active",
                            "vpc_peering_connection_id": ""
                        },
                        "meta": {
                            "e2bfb730-ecaa-11e6-8f88-34363bc7c4c0": {
                                "create": 120000000000,
                                "delete": 300000000000
                            }
                        },
                        "tainted": false
                    },
                    "deposed": [],
                    "provider": "provider.aws"
                },
                "aws_route53_record.api-k8s-liouvetren-com": {
                    "type": "aws_route53_record",
                    "depends_on": [
                        "aws_elb.api-k8s-liouvetren-com"
                    ],
                    "primary": {
                        "id": "Z1VB2C2D30QP0B_api.k8s.liouvetren.com_A",
                        "attributes": {
                            "alias.#": "1",
                            "alias.1470267662.evaluate_target_health": "false",
                            "alias.1470267662.name": "api-k8s-liouvetren-com-bcvb0h-2103536092.us-west-2.elb.amazonaws.com",
                            "alias.1470267662.zone_id": "Z1H1FL5HABSF5",
                            "allow_overwrite": "true",
                            "fqdn": "api.k8s.liouvetren.com",
                            "health_check_id": "",
                            "id": "Z1VB2C2D30QP0B_api.k8s.liouvetren.com_A",
                            "name": "api.k8s.liouvetren.com",
                            "records.#": "0",
                            "set_identifier": "",
                            "ttl": "0",
                            "type": "A",
                            "zone_id": "/hostedzone/Z1VB2C2D30QP0B"
                        },
                        "meta": {
                            "schema_version": "2"
                        },
                        "tainted": false
                    },
                    "deposed": [],
                    "provider": "provider.aws"
                },
                "aws_route_table.k8s-liouvetren-com": {
                    "type": "aws_route_table",
                    "depends_on": [
                        "aws_vpc.k8s-liouvetren-com"
                    ],
                    "primary": {
                        "id": "rtb-0d7d0087eae7cea54",
                        "attributes": {
                            "id": "rtb-0d7d0087eae7cea54",
                            "propagating_vgws.#": "0",
                            "route.#": "1",
                            "route.3526893323.cidr_block": "0.0.0.0/0",
                            "route.3526893323.egress_only_gateway_id": "",
                            "route.3526893323.gateway_id": "igw-083115890ba83b239",
                            "route.3526893323.instance_id": "",
                            "route.3526893323.ipv6_cidr_block": "",
                            "route.3526893323.nat_gateway_id": "",
                            "route.3526893323.network_interface_id": "",
                            "route.3526893323.vpc_peering_connection_id": "",
                            "tags.%": "4",
                            "tags.KubernetesCluster": "k8s.liouvetren.com",
                            "tags.Name": "k8s.liouvetren.com",
                            "tags.kubernetes.io/cluster/k8s.liouvetren.com": "owned",
                            "tags.kubernetes.io/kops/role": "public",
                            "vpc_id": "vpc-09ff615788f066c1b"
                        },
                        "meta": {},
                        "tainted": false
                    },
                    "deposed": [],
                    "provider": "provider.aws"
                },
                "aws_route_table.private-us-west-2a-k8s-liouvetren-com": {
                    "type": "aws_route_table",
                    "depends_on": [
                        "aws_vpc.k8s-liouvetren-com"
                    ],
                    "primary": {
                        "id": "rtb-0044fd983331746e8",
                        "attributes": {
                            "id": "rtb-0044fd983331746e8",
                            "propagating_vgws.#": "0",
                            "route.#": "1",
                            "route.886207789.cidr_block": "0.0.0.0/0",
                            "route.886207789.egress_only_gateway_id": "",
                            "route.886207789.gateway_id": "",
                            "route.886207789.instance_id": "",
                            "route.886207789.ipv6_cidr_block": "",
                            "route.886207789.nat_gateway_id": "nat-0f8373ec4a263082e",
                            "route.886207789.network_interface_id": "",
                            "route.886207789.vpc_peering_connection_id": "",
                            "tags.%": "4",
                            "tags.KubernetesCluster": "k8s.liouvetren.com",
                            "tags.Name": "private-us-west-2a.k8s.liouvetren.com",
                            "tags.kubernetes.io/cluster/k8s.liouvetren.com": "owned",
                            "tags.kubernetes.io/kops/role": "private-us-west-2a",
                            "vpc_id": "vpc-09ff615788f066c1b"
                        },
                        "meta": {},
                        "tainted": false
                    },
                    "deposed": [],
                    "provider": "provider.aws"
                },
                "aws_route_table.private-us-west-2b-k8s-liouvetren-com": {
                    "type": "aws_route_table",
                    "depends_on": [
                        "aws_vpc.k8s-liouvetren-com"
                    ],
                    "primary": {
                        "id": "rtb-03d4711d964310a7d",
                        "attributes": {
                            "id": "rtb-03d4711d964310a7d",
                            "propagating_vgws.#": "0",
                            "route.#": "1",
                            "route.2016370991.cidr_block": "0.0.0.0/0",
                            "route.2016370991.egress_only_gateway_id": "",
                            "route.2016370991.gateway_id": "",
                            "route.2016370991.instance_id": "",
                            "route.2016370991.ipv6_cidr_block": "",
                            "route.2016370991.nat_gateway_id": "nat-0e75e37ab84d9db3e",
                            "route.2016370991.network_interface_id": "",
                            "route.2016370991.vpc_peering_connection_id": "",
                            "tags.%": "4",
                            "tags.KubernetesCluster": "k8s.liouvetren.com",
                            "tags.Name": "private-us-west-2b.k8s.liouvetren.com",
                            "tags.kubernetes.io/cluster/k8s.liouvetren.com": "owned",
                            "tags.kubernetes.io/kops/role": "private-us-west-2b",
                            "vpc_id": "vpc-09ff615788f066c1b"
                        },
                        "meta": {},
                        "tainted": false
                    },
                    "deposed": [],
                    "provider": "provider.aws"
                },
                "aws_route_table.private-us-west-2c-k8s-liouvetren-com": {
                    "type": "aws_route_table",
                    "depends_on": [
                        "aws_vpc.k8s-liouvetren-com"
                    ],
                    "primary": {
                        "id": "rtb-0c083162ac191edfd",
                        "attributes": {
                            "id": "rtb-0c083162ac191edfd",
                            "propagating_vgws.#": "0",
                            "route.#": "0",
                            "tags.%": "4",
                            "tags.KubernetesCluster": "k8s.liouvetren.com",
                            "tags.Name": "private-us-west-2c.k8s.liouvetren.com",
                            "tags.kubernetes.io/cluster/k8s.liouvetren.com": "owned",
                            "tags.kubernetes.io/kops/role": "private-us-west-2c",
                            "vpc_id": "vpc-09ff615788f066c1b"
                        },
                        "meta": {},
                        "tainted": false
                    },
                    "deposed": [],
                    "provider": "provider.aws"
                },
                "aws_route_table_association.private-us-west-2a-k8s-liouvetren-com": {
                    "type": "aws_route_table_association",
                    "depends_on": [
                        "aws_route_table.private-us-west-2a-k8s-liouvetren-com",
                        "aws_subnet.us-west-2a-k8s-liouvetren-com"
                    ],
                    "primary": {
                        "id": "rtbassoc-02594fc44d09ac483",
                        "attributes": {
                            "id": "rtbassoc-02594fc44d09ac483",
                            "route_table_id": "rtb-0044fd983331746e8",
                            "subnet_id": "subnet-0f8003fce9558ef54"
                        },
                        "meta": {},
                        "tainted": false
                    },
                    "deposed": [],
                    "provider": "provider.aws"
                },
                "aws_route_table_association.private-us-west-2b-k8s-liouvetren-com": {
                    "type": "aws_route_table_association",
                    "depends_on": [
                        "aws_route_table.private-us-west-2b-k8s-liouvetren-com",
                        "aws_subnet.us-west-2b-k8s-liouvetren-com"
                    ],
                    "primary": {
                        "id": "rtbassoc-09a2b59ef461e8d12",
                        "attributes": {
                            "id": "rtbassoc-09a2b59ef461e8d12",
                            "route_table_id": "rtb-03d4711d964310a7d",
                            "subnet_id": "subnet-0b1330788fbf181f4"
                        },
                        "meta": {},
                        "tainted": false
                    },
                    "deposed": [],
                    "provider": "provider.aws"
                },
                "aws_route_table_association.private-us-west-2c-k8s-liouvetren-com": {
                    "type": "aws_route_table_association",
                    "depends_on": [
                        "aws_route_table.private-us-west-2c-k8s-liouvetren-com",
                        "aws_subnet.us-west-2c-k8s-liouvetren-com"
                    ],
                    "primary": {
                        "id": "rtbassoc-000fd055362431ed1",
                        "attributes": {
                            "id": "rtbassoc-000fd055362431ed1",
                            "route_table_id": "rtb-0c083162ac191edfd",
                            "subnet_id": "subnet-03ca57eb86c11812e"
                        },
                        "meta": {},
                        "tainted": false
                    },
                    "deposed": [],
                    "provider": "provider.aws"
                },
                "aws_route_table_association.utility-us-west-2a-k8s-liouvetren-com": {
                    "type": "aws_route_table_association",
                    "depends_on": [
                        "aws_route_table.k8s-liouvetren-com",
                        "aws_subnet.utility-us-west-2a-k8s-liouvetren-com"
                    ],
                    "primary": {
                        "id": "rtbassoc-04421157e47f5a0a7",
                        "attributes": {
                            "id": "rtbassoc-04421157e47f5a0a7",
                            "route_table_id": "rtb-0d7d0087eae7cea54",
                            "subnet_id": "subnet-0a8807f3ffeb2b637"
                        },
                        "meta": {},
                        "tainted": false
                    },
                    "deposed": [],
                    "provider": "provider.aws"
                },
                "aws_route_table_association.utility-us-west-2b-k8s-liouvetren-com": {
                    "type": "aws_route_table_association",
                    "depends_on": [
                        "aws_route_table.k8s-liouvetren-com",
                        "aws_subnet.utility-us-west-2b-k8s-liouvetren-com"
                    ],
                    "primary": {
                        "id": "rtbassoc-00ffae4d860366d19",
                        "attributes": {
                            "id": "rtbassoc-00ffae4d860366d19",
                            "route_table_id": "rtb-0d7d0087eae7cea54",
                            "subnet_id": "subnet-0bf01607486cea085"
                        },
                        "meta": {},
                        "tainted": false
                    },
                    "deposed": [],
                    "provider": "provider.aws"
                },
                "aws_route_table_association.utility-us-west-2c-k8s-liouvetren-com": {
                    "type": "aws_route_table_association",
                    "depends_on": [
                        "aws_route_table.k8s-liouvetren-com",
                        "aws_subnet.utility-us-west-2c-k8s-liouvetren-com"
                    ],
                    "primary": {
                        "id": "rtbassoc-00758edb4a2036472",
                        "attributes": {
                            "id": "rtbassoc-00758edb4a2036472",
                            "route_table_id": "rtb-0d7d0087eae7cea54",
                            "subnet_id": "subnet-0f8082ac65074e85d"
                        },
                        "meta": {},
                        "tainted": false
                    },
                    "deposed": [],
                    "provider": "provider.aws"
                },
                "aws_security_group.api-elb-k8s-liouvetren-com": {
                    "type": "aws_security_group",
                    "depends_on": [
                        "aws_vpc.k8s-liouvetren-com"
                    ],
                    "primary": {
                        "id": "sg-09c86a43b70d4f51a",
                        "attributes": {
                            "arn": "arn:aws:ec2:us-west-2:196050334907:security-group/sg-09c86a43b70d4f51a",
                            "description": "Security group for api ELB",
                            "egress.#": "1",
                            "egress.482069346.cidr_blocks.#": "1",
                            "egress.482069346.cidr_blocks.0": "0.0.0.0/0",
                            "egress.482069346.description": "",
                            "egress.482069346.from_port": "0",
                            "egress.482069346.ipv6_cidr_blocks.#": "0",
                            "egress.482069346.prefix_list_ids.#": "0",
                            "egress.482069346.protocol": "-1",
                            "egress.482069346.security_groups.#": "0",
                            "egress.482069346.self": "false",
                            "egress.482069346.to_port": "0",
                            "id": "sg-09c86a43b70d4f51a",
                            "ingress.#": "1",
                            "ingress.2617001939.cidr_blocks.#": "1",
                            "ingress.2617001939.cidr_blocks.0": "0.0.0.0/0",
                            "ingress.2617001939.description": "",
                            "ingress.2617001939.from_port": "443",
                            "ingress.2617001939.ipv6_cidr_blocks.#": "0",
                            "ingress.2617001939.protocol": "tcp",
                            "ingress.2617001939.security_groups.#": "0",
                            "ingress.2617001939.self": "false",
                            "ingress.2617001939.to_port": "443",
                            "name": "api-elb.k8s.liouvetren.com",
                            "owner_id": "196050334907",
                            "revoke_rules_on_delete": "false",
                            "tags.%": "3",
                            "tags.KubernetesCluster": "k8s.liouvetren.com",
                            "tags.Name": "api-elb.k8s.liouvetren.com",
                            "tags.kubernetes.io/cluster/k8s.liouvetren.com": "owned",
                            "vpc_id": "vpc-09ff615788f066c1b"
                        },
                        "meta": {
                            "e2bfb730-ecaa-11e6-8f88-34363bc7c4c0": {
                                "create": 600000000000,
                                "delete": 600000000000
                            },
                            "schema_version": "1"
                        },
                        "tainted": false
                    },
                    "deposed": [],
                    "provider": "provider.aws"
                },
                "aws_security_group.masters-k8s-liouvetren-com": {
                    "type": "aws_security_group",
                    "depends_on": [
                        "aws_vpc.k8s-liouvetren-com"
                    ],
                    "primary": {
                        "id": "sg-0ccc0053ca4b15a08",
                        "attributes": {
                            "arn": "arn:aws:ec2:us-west-2:196050334907:security-group/sg-0ccc0053ca4b15a08",
                            "description": "Security group for masters",
                            "egress.#": "1",
                            "egress.482069346.cidr_blocks.#": "1",
                            "egress.482069346.cidr_blocks.0": "0.0.0.0/0",
                            "egress.482069346.description": "",
                            "egress.482069346.from_port": "0",
                            "egress.482069346.ipv6_cidr_blocks.#": "0",
                            "egress.482069346.prefix_list_ids.#": "0",
                            "egress.482069346.protocol": "-1",
                            "egress.482069346.security_groups.#": "0",
                            "egress.482069346.self": "false",
                            "egress.482069346.to_port": "0",
                            "id": "sg-0ccc0053ca4b15a08",
                            "ingress.#": "8",
                            "ingress.1349055375.cidr_blocks.#": "0",
                            "ingress.1349055375.description": "",
                            "ingress.1349055375.from_port": "443",
                            "ingress.1349055375.ipv6_cidr_blocks.#": "0",
                            "ingress.1349055375.protocol": "tcp",
                            "ingress.1349055375.security_groups.#": "1",
                            "ingress.1349055375.security_groups.1671410055": "sg-09c86a43b70d4f51a",
                            "ingress.1349055375.self": "false",
                            "ingress.1349055375.to_port": "443",
                            "ingress.1740183452.cidr_blocks.#": "0",
                            "ingress.1740183452.description": "",
                            "ingress.1740183452.from_port": "0",
                            "ingress.1740183452.ipv6_cidr_blocks.#": "0",
                            "ingress.1740183452.protocol": "4",
                            "ingress.1740183452.security_groups.#": "1",
                            "ingress.1740183452.security_groups.1738125949": "sg-01820ff93ac7c8ae5",
                            "ingress.1740183452.self": "false",
                            "ingress.1740183452.to_port": "0",
                            "ingress.1866082432.cidr_blocks.#": "0",
                            "ingress.1866082432.description": "",
                            "ingress.1866082432.from_port": "1",
                            "ingress.1866082432.ipv6_cidr_blocks.#": "0",
                            "ingress.1866082432.protocol": "udp",
                            "ingress.1866082432.security_groups.#": "1",
                            "ingress.1866082432.security_groups.1738125949": "sg-01820ff93ac7c8ae5",
                            "ingress.1866082432.self": "false",
                            "ingress.1866082432.to_port": "65535",
                            "ingress.2541437006.cidr_blocks.#": "1",
                            "ingress.2541437006.cidr_blocks.0": "0.0.0.0/0",
                            "ingress.2541437006.description": "",
                            "ingress.2541437006.from_port": "22",
                            "ingress.2541437006.ipv6_cidr_blocks.#": "0",
                            "ingress.2541437006.protocol": "tcp",
                            "ingress.2541437006.security_groups.#": "0",
                            "ingress.2541437006.self": "false",
                            "ingress.2541437006.to_port": "22",
                            "ingress.3625208386.cidr_blocks.#": "0",
                            "ingress.3625208386.description": "",
                            "ingress.3625208386.from_port": "4003",
                            "ingress.3625208386.ipv6_cidr_blocks.#": "0",
                            "ingress.3625208386.protocol": "tcp",
                            "ingress.3625208386.security_groups.#": "1",
                            "ingress.3625208386.security_groups.1738125949": "sg-01820ff93ac7c8ae5",
                            "ingress.3625208386.self": "false",
                            "ingress.3625208386.to_port": "65535",
                            "ingress.3732871597.cidr_blocks.#": "0",
                            "ingress.3732871597.description": "",
                            "ingress.3732871597.from_port": "1",
                            "ingress.3732871597.ipv6_cidr_blocks.#": "0",
                            "ingress.3732871597.protocol": "tcp",
                            "ingress.3732871597.security_groups.#": "1",
                            "ingress.3732871597.security_groups.1738125949": "sg-01820ff93ac7c8ae5",
                            "ingress.3732871597.self": "false",
                            "ingress.3732871597.to_port": "2379",
                            "ingress.4046685756.cidr_blocks.#": "0",
                            "ingress.4046685756.description": "",
                            "ingress.4046685756.from_port": "2382",
                            "ingress.4046685756.ipv6_cidr_blocks.#": "0",
                            "ingress.4046685756.protocol": "tcp",
                            "ingress.4046685756.security_groups.#": "1",
                            "ingress.4046685756.security_groups.1738125949": "sg-01820ff93ac7c8ae5",
                            "ingress.4046685756.self": "false",
                            "ingress.4046685756.to_port": "4001",
                            "ingress.753360330.cidr_blocks.#": "0",
                            "ingress.753360330.description": "",
                            "ingress.753360330.from_port": "0",
                            "ingress.753360330.ipv6_cidr_blocks.#": "0",
                            "ingress.753360330.protocol": "-1",
                            "ingress.753360330.security_groups.#": "0",
                            "ingress.753360330.self": "true",
                            "ingress.753360330.to_port": "0",
                            "name": "masters.k8s.liouvetren.com",
                            "owner_id": "196050334907",
                            "revoke_rules_on_delete": "false",
                            "tags.%": "3",
                            "tags.KubernetesCluster": "k8s.liouvetren.com",
                            "tags.Name": "masters.k8s.liouvetren.com",
                            "tags.kubernetes.io/cluster/k8s.liouvetren.com": "owned",
                            "vpc_id": "vpc-09ff615788f066c1b"
                        },
                        "meta": {
                            "e2bfb730-ecaa-11e6-8f88-34363bc7c4c0": {
                                "create": 600000000000,
                                "delete": 600000000000
                            },
                            "schema_version": "1"
                        },
                        "tainted": false
                    },
                    "deposed": [],
                    "provider": "provider.aws"
                },
                "aws_security_group.nodes-k8s-liouvetren-com": {
                    "type": "aws_security_group",
                    "depends_on": [
                        "aws_vpc.k8s-liouvetren-com"
                    ],
                    "primary": {
                        "id": "sg-01820ff93ac7c8ae5",
                        "attributes": {
                            "arn": "arn:aws:ec2:us-west-2:196050334907:security-group/sg-01820ff93ac7c8ae5",
                            "description": "Security group for nodes",
                            "egress.#": "1",
                            "egress.482069346.cidr_blocks.#": "1",
                            "egress.482069346.cidr_blocks.0": "0.0.0.0/0",
                            "egress.482069346.description": "",
                            "egress.482069346.from_port": "0",
                            "egress.482069346.ipv6_cidr_blocks.#": "0",
                            "egress.482069346.prefix_list_ids.#": "0",
                            "egress.482069346.protocol": "-1",
                            "egress.482069346.security_groups.#": "0",
                            "egress.482069346.self": "false",
                            "egress.482069346.to_port": "0",
                            "id": "sg-01820ff93ac7c8ae5",
                            "ingress.#": "2",
                            "ingress.2541437006.cidr_blocks.#": "1",
                            "ingress.2541437006.cidr_blocks.0": "0.0.0.0/0",
                            "ingress.2541437006.description": "",
                            "ingress.2541437006.from_port": "22",
                            "ingress.2541437006.ipv6_cidr_blocks.#": "0",
                            "ingress.2541437006.protocol": "tcp",
                            "ingress.2541437006.security_groups.#": "0",
                            "ingress.2541437006.self": "false",
                            "ingress.2541437006.to_port": "22",
                            "ingress.3991025492.cidr_blocks.#": "0",
                            "ingress.3991025492.description": "",
                            "ingress.3991025492.from_port": "0",
                            "ingress.3991025492.ipv6_cidr_blocks.#": "0",
                            "ingress.3991025492.protocol": "-1",
                            "ingress.3991025492.security_groups.#": "1",
                            "ingress.3991025492.security_groups.647396748": "sg-0ccc0053ca4b15a08",
                            "ingress.3991025492.self": "true",
                            "ingress.3991025492.to_port": "0",
                            "name": "nodes.k8s.liouvetren.com",
                            "owner_id": "196050334907",
                            "revoke_rules_on_delete": "false",
                            "tags.%": "3",
                            "tags.KubernetesCluster": "k8s.liouvetren.com",
                            "tags.Name": "nodes.k8s.liouvetren.com",
                            "tags.kubernetes.io/cluster/k8s.liouvetren.com": "owned",
                            "vpc_id": "vpc-09ff615788f066c1b"
                        },
                        "meta": {
                            "e2bfb730-ecaa-11e6-8f88-34363bc7c4c0": {
                                "create": 600000000000,
                                "delete": 600000000000
                            },
                            "schema_version": "1"
                        },
                        "tainted": false
                    },
                    "deposed": [],
                    "provider": "provider.aws"
                },
                "aws_security_group_rule.all-master-to-master": {
                    "type": "aws_security_group_rule",
                    "depends_on": [
                        "aws_security_group.masters-k8s-liouvetren-com"
                    ],
                    "primary": {
                        "id": "sgrule-3478658050",
                        "attributes": {
                            "cidr_blocks.#": "0",
                            "description": "",
                            "from_port": "0",
                            "id": "sgrule-3478658050",
                            "ipv6_cidr_blocks.#": "0",
                            "prefix_list_ids.#": "0",
                            "protocol": "-1",
                            "security_group_id": "sg-0ccc0053ca4b15a08",
                            "self": "false",
                            "source_security_group_id": "sg-0ccc0053ca4b15a08",
                            "to_port": "0",
                            "type": "ingress"
                        },
                        "meta": {
                            "schema_version": "2"
                        },
                        "tainted": false
                    },
                    "deposed": [],
                    "provider": "provider.aws"
                },
                "aws_security_group_rule.all-master-to-node": {
                    "type": "aws_security_group_rule",
                    "depends_on": [
                        "aws_security_group.masters-k8s-liouvetren-com",
                        "aws_security_group.nodes-k8s-liouvetren-com"
                    ],
                    "primary": {
                        "id": "sgrule-4202450761",
                        "attributes": {
                            "cidr_blocks.#": "0",
                            "description": "",
                            "from_port": "0",
                            "id": "sgrule-4202450761",
                            "ipv6_cidr_blocks.#": "0",
                            "prefix_list_ids.#": "0",
                            "protocol": "-1",
                            "security_group_id": "sg-01820ff93ac7c8ae5",
                            "self": "false",
                            "source_security_group_id": "sg-0ccc0053ca4b15a08",
                            "to_port": "0",
                            "type": "ingress"
                        },
                        "meta": {
                            "schema_version": "2"
                        },
                        "tainted": false
                    },
                    "deposed": [],
                    "provider": "provider.aws"
                },
                "aws_security_group_rule.all-node-to-node": {
                    "type": "aws_security_group_rule",
                    "depends_on": [
                        "aws_security_group.nodes-k8s-liouvetren-com"
                    ],
                    "primary": {
                        "id": "sgrule-4227858843",
                        "attributes": {
                            "cidr_blocks.#": "0",
                            "description": "",
                            "from_port": "0",
                            "id": "sgrule-4227858843",
                            "ipv6_cidr_blocks.#": "0",
                            "prefix_list_ids.#": "0",
                            "protocol": "-1",
                            "security_group_id": "sg-01820ff93ac7c8ae5",
                            "self": "false",
                            "source_security_group_id": "sg-01820ff93ac7c8ae5",
                            "to_port": "0",
                            "type": "ingress"
                        },
                        "meta": {
                            "schema_version": "2"
                        },
                        "tainted": false
                    },
                    "deposed": [],
                    "provider": "provider.aws"
                },
                "aws_security_group_rule.api-elb-egress": {
                    "type": "aws_security_group_rule",
                    "depends_on": [
                        "aws_security_group.api-elb-k8s-liouvetren-com"
                    ],
                    "primary": {
                        "id": "sgrule-286421810",
                        "attributes": {
                            "cidr_blocks.#": "1",
                            "cidr_blocks.0": "0.0.0.0/0",
                            "description": "",
                            "from_port": "0",
                            "id": "sgrule-286421810",
                            "ipv6_cidr_blocks.#": "0",
                            "prefix_list_ids.#": "0",
                            "protocol": "-1",
                            "security_group_id": "sg-09c86a43b70d4f51a",
                            "self": "false",
                            "to_port": "0",
                            "type": "egress"
                        },
                        "meta": {
                            "schema_version": "2"
                        },
                        "tainted": false
                    },
                    "deposed": [],
                    "provider": "provider.aws"
                },
                "aws_security_group_rule.https-api-elb-0-0-0-0--0": {
                    "type": "aws_security_group_rule",
                    "depends_on": [
                        "aws_security_group.api-elb-k8s-liouvetren-com"
                    ],
                    "primary": {
                        "id": "sgrule-2973761465",
                        "attributes": {
                            "cidr_blocks.#": "1",
                            "cidr_blocks.0": "0.0.0.0/0",
                            "description": "",
                            "from_port": "443",
                            "id": "sgrule-2973761465",
                            "ipv6_cidr_blocks.#": "0",
                            "prefix_list_ids.#": "0",
                            "protocol": "tcp",
                            "security_group_id": "sg-09c86a43b70d4f51a",
                            "self": "false",
                            "to_port": "443",
                            "type": "ingress"
                        },
                        "meta": {
                            "schema_version": "2"
                        },
                        "tainted": false
                    },
                    "deposed": [],
                    "provider": "provider.aws"
                },
                "aws_security_group_rule.https-elb-to-master": {
                    "type": "aws_security_group_rule",
                    "depends_on": [
                        "aws_security_group.api-elb-k8s-liouvetren-com",
                        "aws_security_group.masters-k8s-liouvetren-com"
                    ],
                    "primary": {
                        "id": "sgrule-1066948823",
                        "attributes": {
                            "cidr_blocks.#": "0",
                            "description": "",
                            "from_port": "443",
                            "id": "sgrule-1066948823",
                            "ipv6_cidr_blocks.#": "0",
                            "prefix_list_ids.#": "0",
                            "protocol": "tcp",
                            "security_group_id": "sg-0ccc0053ca4b15a08",
                            "self": "false",
                            "source_security_group_id": "sg-09c86a43b70d4f51a",
                            "to_port": "443",
                            "type": "ingress"
                        },
                        "meta": {
                            "schema_version": "2"
                        },
                        "tainted": false
                    },
                    "deposed": [],
                    "provider": "provider.aws"
                },
                "aws_security_group_rule.master-egress": {
                    "type": "aws_security_group_rule",
                    "depends_on": [
                        "aws_security_group.masters-k8s-liouvetren-com"
                    ],
                    "primary": {
                        "id": "sgrule-1123395884",
                        "attributes": {
                            "cidr_blocks.#": "1",
                            "cidr_blocks.0": "0.0.0.0/0",
                            "description": "",
                            "from_port": "0",
                            "id": "sgrule-1123395884",
                            "ipv6_cidr_blocks.#": "0",
                            "prefix_list_ids.#": "0",
                            "protocol": "-1",
                            "security_group_id": "sg-0ccc0053ca4b15a08",
                            "self": "false",
                            "to_port": "0",
                            "type": "egress"
                        },
                        "meta": {
                            "schema_version": "2"
                        },
                        "tainted": false
                    },
                    "deposed": [],
                    "provider": "provider.aws"
                },
                "aws_security_group_rule.node-egress": {
                    "type": "aws_security_group_rule",
                    "depends_on": [
                        "aws_security_group.nodes-k8s-liouvetren-com"
                    ],
                    "primary": {
                        "id": "sgrule-4085714304",
                        "attributes": {
                            "cidr_blocks.#": "1",
                            "cidr_blocks.0": "0.0.0.0/0",
                            "description": "",
                            "from_port": "0",
                            "id": "sgrule-4085714304",
                            "ipv6_cidr_blocks.#": "0",
                            "prefix_list_ids.#": "0",
                            "protocol": "-1",
                            "security_group_id": "sg-01820ff93ac7c8ae5",
                            "self": "false",
                            "to_port": "0",
                            "type": "egress"
                        },
                        "meta": {
                            "schema_version": "2"
                        },
                        "tainted": false
                    },
                    "deposed": [],
                    "provider": "provider.aws"
                },
                "aws_security_group_rule.node-to-master-protocol-ipip": {
                    "type": "aws_security_group_rule",
                    "depends_on": [
                        "aws_security_group.masters-k8s-liouvetren-com",
                        "aws_security_group.nodes-k8s-liouvetren-com"
                    ],
                    "primary": {
                        "id": "sgrule-2116281278",
                        "attributes": {
                            "cidr_blocks.#": "0",
                            "description": "",
                            "from_port": "0",
                            "id": "sgrule-2116281278",
                            "ipv6_cidr_blocks.#": "0",
                            "prefix_list_ids.#": "0",
                            "protocol": "4",
                            "security_group_id": "sg-0ccc0053ca4b15a08",
                            "self": "false",
                            "source_security_group_id": "sg-01820ff93ac7c8ae5",
                            "to_port": "65535",
                            "type": "ingress"
                        },
                        "meta": {
                            "schema_version": "2"
                        },
                        "tainted": false
                    },
                    "deposed": [],
                    "provider": "provider.aws"
                },
                "aws_security_group_rule.node-to-master-tcp-1-2379": {
                    "type": "aws_security_group_rule",
                    "depends_on": [
                        "aws_security_group.masters-k8s-liouvetren-com",
                        "aws_security_group.nodes-k8s-liouvetren-com"
                    ],
                    "primary": {
                        "id": "sgrule-2691397176",
                        "attributes": {
                            "cidr_blocks.#": "0",
                            "description": "",
                            "from_port": "1",
                            "id": "sgrule-2691397176",
                            "ipv6_cidr_blocks.#": "0",
                            "prefix_list_ids.#": "0",
                            "protocol": "tcp",
                            "security_group_id": "sg-0ccc0053ca4b15a08",
                            "self": "false",
                            "source_security_group_id": "sg-01820ff93ac7c8ae5",
                            "to_port": "2379",
                            "type": "ingress"
                        },
                        "meta": {
                            "schema_version": "2"
                        },
                        "tainted": false
                    },
                    "deposed": [],
                    "provider": "provider.aws"
                },
                "aws_security_group_rule.node-to-master-tcp-2382-4001": {
                    "type": "aws_security_group_rule",
                    "depends_on": [
                        "aws_security_group.masters-k8s-liouvetren-com",
                        "aws_security_group.nodes-k8s-liouvetren-com"
                    ],
                    "primary": {
                        "id": "sgrule-3494911014",
                        "attributes": {
                            "cidr_blocks.#": "0",
                            "description": "",
                            "from_port": "2382",
                            "id": "sgrule-3494911014",
                            "ipv6_cidr_blocks.#": "0",
                            "prefix_list_ids.#": "0",
                            "protocol": "tcp",
                            "security_group_id": "sg-0ccc0053ca4b15a08",
                            "self": "false",
                            "source_security_group_id": "sg-01820ff93ac7c8ae5",
                            "to_port": "4001",
                            "type": "ingress"
                        },
                        "meta": {
                            "schema_version": "2"
                        },
                        "tainted": false
                    },
                    "deposed": [],
                    "provider": "provider.aws"
                },
                "aws_security_group_rule.node-to-master-tcp-4003-65535": {
                    "type": "aws_security_group_rule",
                    "depends_on": [
                        "aws_security_group.masters-k8s-liouvetren-com",
                        "aws_security_group.nodes-k8s-liouvetren-com"
                    ],
                    "primary": {
                        "id": "sgrule-4185538673",
                        "attributes": {
                            "cidr_blocks.#": "0",
                            "description": "",
                            "from_port": "4003",
                            "id": "sgrule-4185538673",
                            "ipv6_cidr_blocks.#": "0",
                            "prefix_list_ids.#": "0",
                            "protocol": "tcp",
                            "security_group_id": "sg-0ccc0053ca4b15a08",
                            "self": "false",
                            "source_security_group_id": "sg-01820ff93ac7c8ae5",
                            "to_port": "65535",
                            "type": "ingress"
                        },
                        "meta": {
                            "schema_version": "2"
                        },
                        "tainted": false
                    },
                    "deposed": [],
                    "provider": "provider.aws"
                },
                "aws_security_group_rule.node-to-master-udp-1-65535": {
                    "type": "aws_security_group_rule",
                    "depends_on": [
                        "aws_security_group.masters-k8s-liouvetren-com",
                        "aws_security_group.nodes-k8s-liouvetren-com"
                    ],
                    "primary": {
                        "id": "sgrule-513623127",
                        "attributes": {
                            "cidr_blocks.#": "0",
                            "description": "",
                            "from_port": "1",
                            "id": "sgrule-513623127",
                            "ipv6_cidr_blocks.#": "0",
                            "prefix_list_ids.#": "0",
                            "protocol": "udp",
                            "security_group_id": "sg-0ccc0053ca4b15a08",
                            "self": "false",
                            "source_security_group_id": "sg-01820ff93ac7c8ae5",
                            "to_port": "65535",
                            "type": "ingress"
                        },
                        "meta": {
                            "schema_version": "2"
                        },
                        "tainted": false
                    },
                    "deposed": [],
                    "provider": "provider.aws"
                },
                "aws_security_group_rule.ssh-external-to-master-0-0-0-0--0": {
                    "type": "aws_security_group_rule",
                    "depends_on": [
                        "aws_security_group.masters-k8s-liouvetren-com"
                    ],
                    "primary": {
                        "id": "sgrule-1456438185",
                        "attributes": {
                            "cidr_blocks.#": "1",
                            "cidr_blocks.0": "0.0.0.0/0",
                            "description": "",
                            "from_port": "22",
                            "id": "sgrule-1456438185",
                            "ipv6_cidr_blocks.#": "0",
                            "prefix_list_ids.#": "0",
                            "protocol": "tcp",
                            "security_group_id": "sg-0ccc0053ca4b15a08",
                            "self": "false",
                            "to_port": "22",
                            "type": "ingress"
                        },
                        "meta": {
                            "schema_version": "2"
                        },
                        "tainted": false
                    },
                    "deposed": [],
                    "provider": "provider.aws"
                },
                "aws_security_group_rule.ssh-external-to-node-0-0-0-0--0": {
                    "type": "aws_security_group_rule",
                    "depends_on": [
                        "aws_security_group.nodes-k8s-liouvetren-com"
                    ],
                    "primary": {
                        "id": "sgrule-1938092921",
                        "attributes": {
                            "cidr_blocks.#": "1",
                            "cidr_blocks.0": "0.0.0.0/0",
                            "description": "",
                            "from_port": "22",
                            "id": "sgrule-1938092921",
                            "ipv6_cidr_blocks.#": "0",
                            "prefix_list_ids.#": "0",
                            "protocol": "tcp",
                            "security_group_id": "sg-01820ff93ac7c8ae5",
                            "self": "false",
                            "to_port": "22",
                            "type": "ingress"
                        },
                        "meta": {
                            "schema_version": "2"
                        },
                        "tainted": false
                    },
                    "deposed": [],
                    "provider": "provider.aws"
                },
                "aws_subnet.us-west-2a-k8s-liouvetren-com": {
                    "type": "aws_subnet",
                    "depends_on": [
                        "aws_vpc.k8s-liouvetren-com"
                    ],
                    "primary": {
                        "id": "subnet-0f8003fce9558ef54",
                        "attributes": {
                            "assign_ipv6_address_on_creation": "false",
                            "availability_zone": "us-west-2a",
                            "cidr_block": "172.20.32.0/19",
                            "id": "subnet-0f8003fce9558ef54",
                            "map_public_ip_on_launch": "false",
                            "tags.%": "5",
                            "tags.KubernetesCluster": "k8s.liouvetren.com",
                            "tags.Name": "us-west-2a.k8s.liouvetren.com",
                            "tags.SubnetType": "Private",
                            "tags.kubernetes.io/cluster/k8s.liouvetren.com": "owned",
                            "tags.kubernetes.io/role/internal-elb": "1",
                            "vpc_id": "vpc-09ff615788f066c1b"
                        },
                        "meta": {
                            "schema_version": "1"
                        },
                        "tainted": false
                    },
                    "deposed": [],
                    "provider": "provider.aws"
                },
                "aws_subnet.us-west-2b-k8s-liouvetren-com": {
                    "type": "aws_subnet",
                    "depends_on": [
                        "aws_vpc.k8s-liouvetren-com"
                    ],
                    "primary": {
                        "id": "subnet-0b1330788fbf181f4",
                        "attributes": {
                            "assign_ipv6_address_on_creation": "false",
                            "availability_zone": "us-west-2b",
                            "cidr_block": "172.20.64.0/19",
                            "id": "subnet-0b1330788fbf181f4",
                            "map_public_ip_on_launch": "false",
                            "tags.%": "5",
                            "tags.KubernetesCluster": "k8s.liouvetren.com",
                            "tags.Name": "us-west-2b.k8s.liouvetren.com",
                            "tags.SubnetType": "Private",
                            "tags.kubernetes.io/cluster/k8s.liouvetren.com": "owned",
                            "tags.kubernetes.io/role/internal-elb": "1",
                            "vpc_id": "vpc-09ff615788f066c1b"
                        },
                        "meta": {
                            "schema_version": "1"
                        },
                        "tainted": false
                    },
                    "deposed": [],
                    "provider": "provider.aws"
                },
                "aws_subnet.us-west-2c-k8s-liouvetren-com": {
                    "type": "aws_subnet",
                    "depends_on": [
                        "aws_vpc.k8s-liouvetren-com"
                    ],
                    "primary": {
                        "id": "subnet-03ca57eb86c11812e",
                        "attributes": {
                            "assign_ipv6_address_on_creation": "false",
                            "availability_zone": "us-west-2c",
                            "cidr_block": "172.20.96.0/19",
                            "id": "subnet-03ca57eb86c11812e",
                            "map_public_ip_on_launch": "false",
                            "tags.%": "5",
                            "tags.KubernetesCluster": "k8s.liouvetren.com",
                            "tags.Name": "us-west-2c.k8s.liouvetren.com",
                            "tags.SubnetType": "Private",
                            "tags.kubernetes.io/cluster/k8s.liouvetren.com": "owned",
                            "tags.kubernetes.io/role/internal-elb": "1",
                            "vpc_id": "vpc-09ff615788f066c1b"
                        },
                        "meta": {
                            "schema_version": "1"
                        },
                        "tainted": false
                    },
                    "deposed": [],
                    "provider": "provider.aws"
                },
                "aws_subnet.utility-us-west-2a-k8s-liouvetren-com": {
                    "type": "aws_subnet",
                    "depends_on": [
                        "aws_vpc.k8s-liouvetren-com"
                    ],
                    "primary": {
                        "id": "subnet-0a8807f3ffeb2b637",
                        "attributes": {
                            "assign_ipv6_address_on_creation": "false",
                            "availability_zone": "us-west-2a",
                            "cidr_block": "172.20.0.0/22",
                            "id": "subnet-0a8807f3ffeb2b637",
                            "map_public_ip_on_launch": "false",
                            "tags.%": "5",
                            "tags.KubernetesCluster": "k8s.liouvetren.com",
                            "tags.Name": "utility-us-west-2a.k8s.liouvetren.com",
                            "tags.SubnetType": "Utility",
                            "tags.kubernetes.io/cluster/k8s.liouvetren.com": "owned",
                            "tags.kubernetes.io/role/elb": "1",
                            "vpc_id": "vpc-09ff615788f066c1b"
                        },
                        "meta": {
                            "schema_version": "1"
                        },
                        "tainted": false
                    },
                    "deposed": [],
                    "provider": "provider.aws"
                },
                "aws_subnet.utility-us-west-2b-k8s-liouvetren-com": {
                    "type": "aws_subnet",
                    "depends_on": [
                        "aws_vpc.k8s-liouvetren-com"
                    ],
                    "primary": {
                        "id": "subnet-0bf01607486cea085",
                        "attributes": {
                            "assign_ipv6_address_on_creation": "false",
                            "availability_zone": "us-west-2b",
                            "cidr_block": "172.20.4.0/22",
                            "id": "subnet-0bf01607486cea085",
                            "map_public_ip_on_launch": "false",
                            "tags.%": "5",
                            "tags.KubernetesCluster": "k8s.liouvetren.com",
                            "tags.Name": "utility-us-west-2b.k8s.liouvetren.com",
                            "tags.SubnetType": "Utility",
                            "tags.kubernetes.io/cluster/k8s.liouvetren.com": "owned",
                            "tags.kubernetes.io/role/elb": "1",
                            "vpc_id": "vpc-09ff615788f066c1b"
                        },
                        "meta": {
                            "schema_version": "1"
                        },
                        "tainted": false
                    },
                    "deposed": [],
                    "provider": "provider.aws"
                },
                "aws_subnet.utility-us-west-2c-k8s-liouvetren-com": {
                    "type": "aws_subnet",
                    "depends_on": [
                        "aws_vpc.k8s-liouvetren-com"
                    ],
                    "primary": {
                        "id": "subnet-0f8082ac65074e85d",
                        "attributes": {
                            "assign_ipv6_address_on_creation": "false",
                            "availability_zone": "us-west-2c",
                            "cidr_block": "172.20.8.0/22",
                            "id": "subnet-0f8082ac65074e85d",
                            "map_public_ip_on_launch": "false",
                            "tags.%": "5",
                            "tags.KubernetesCluster": "k8s.liouvetren.com",
                            "tags.Name": "utility-us-west-2c.k8s.liouvetren.com",
                            "tags.SubnetType": "Utility",
                            "tags.kubernetes.io/cluster/k8s.liouvetren.com": "owned",
                            "tags.kubernetes.io/role/elb": "1",
                            "vpc_id": "vpc-09ff615788f066c1b"
                        },
                        "meta": {
                            "schema_version": "1"
                        },
                        "tainted": false
                    },
                    "deposed": [],
                    "provider": "provider.aws"
                },
                "aws_vpc.k8s-liouvetren-com": {
                    "type": "aws_vpc",
                    "depends_on": [],
                    "primary": {
                        "id": "vpc-09ff615788f066c1b",
                        "attributes": {
                            "arn": "arn:aws:ec2:us-west-2:196050334907:vpc/vpc-09ff615788f066c1b",
                            "assign_generated_ipv6_cidr_block": "false",
                            "cidr_block": "172.20.0.0/16",
                            "default_network_acl_id": "acl-06fc8841a472a732b",
                            "default_route_table_id": "rtb-0094b4d3ed1489bb8",
                            "default_security_group_id": "sg-0f649391cd70c5ce2",
                            "dhcp_options_id": "dopt-095da8e0793aa01d7",
                            "enable_classiclink": "false",
                            "enable_classiclink_dns_support": "false",
                            "enable_dns_hostnames": "true",
                            "enable_dns_support": "true",
                            "id": "vpc-09ff615788f066c1b",
                            "instance_tenancy": "default",
                            "main_route_table_id": "rtb-0094b4d3ed1489bb8",
                            "tags.%": "3",
                            "tags.KubernetesCluster": "k8s.liouvetren.com",
                            "tags.Name": "k8s.liouvetren.com",
                            "tags.kubernetes.io/cluster/k8s.liouvetren.com": "owned"
                        },
                        "meta": {
                            "schema_version": "1"
                        },
                        "tainted": false
                    },
                    "deposed": [],
                    "provider": "provider.aws"
                },
                "aws_vpc_dhcp_options.k8s-liouvetren-com": {
                    "type": "aws_vpc_dhcp_options",
                    "depends_on": [],
                    "primary": {
                        "id": "dopt-095da8e0793aa01d7",
                        "attributes": {
                            "domain_name": "us-west-2.compute.internal",
                            "domain_name_servers.#": "1",
                            "domain_name_servers.0": "AmazonProvidedDNS",
                            "id": "dopt-095da8e0793aa01d7",
                            "tags.%": "3",
                            "tags.KubernetesCluster": "k8s.liouvetren.com",
                            "tags.Name": "k8s.liouvetren.com",
                            "tags.kubernetes.io/cluster/k8s.liouvetren.com": "owned"
                        },
                        "meta": {},
                        "tainted": false
                    },
                    "deposed": [],
                    "provider": "provider.aws"
                },
                "aws_vpc_dhcp_options_association.k8s-liouvetren-com": {
                    "type": "aws_vpc_dhcp_options_association",
                    "depends_on": [
                        "aws_vpc.k8s-liouvetren-com",
                        "aws_vpc_dhcp_options.k8s-liouvetren-com"
                    ],
                    "primary": {
                        "id": "dopt-095da8e0793aa01d7-vpc-09ff615788f066c1b",
                        "attributes": {
                            "dhcp_options_id": "dopt-095da8e0793aa01d7",
                            "id": "dopt-095da8e0793aa01d7-vpc-09ff615788f066c1b",
                            "vpc_id": "vpc-09ff615788f066c1b"
                        },
                        "meta": {},
                        "tainted": false
                    },
                    "deposed": [],
                    "provider": "provider.aws"
                }
            },
            "depends_on": []
        }
    ]
}
