{
    "version": 3,
    "terraform_version": "0.11.7",
    "serial": 23,
    "lineage": "205d5694-519f-2463-29e8-5480dfb98aa1",
    "modules": [
        {
            "path": [
                "root"
            ],
            "outputs": {
                "public_zone_id": {
                    "sensitive": false,
                    "type": "string",
                    "value": "Z1VB2C2D30QP0B"
                }
            },
            "resources": {
                "aws_route53_zone.public": {
                    "type": "aws_route53_zone",
                    "depends_on": [],
                    "primary": {
                        "id": "Z1VB2C2D30QP0B",
                        "attributes": {
                            "comment": "Managed by Terraform",
                            "force_destroy": "false",
                            "id": "Z1VB2C2D30QP0B",
                            "name": "liouvetren.com",
                            "name_servers.#": "4",
                            "name_servers.0": "ns-1212.awsdns-23.org",
                            "name_servers.1": "ns-2036.awsdns-62.co.uk",
                            "name_servers.2": "ns-23.awsdns-02.com",
                            "name_servers.3": "ns-846.awsdns-41.net",
                            "tags.%": "0",
                            "zone_id": "Z1VB2C2D30QP0B"
                        },
                        "meta": {},
                        "tainted": false
                    },
                    "deposed": [],
                    "provider": "provider.aws"
                }
            },
            "depends_on": []
        },
        {
            "path": [
                "root",
                "open_all_sg"
            ],
            "outputs": {},
            "resources": {},
            "depends_on": []
        },
        {
            "path": [
                "root",
                "secure_vpc"
            ],
            "outputs": {},
            "resources": {},
            "depends_on": []
        }
    ]
}
